
Microsoft Visual Studio Solution File, Format Version 12.00
# Visual Studio 14
VisualStudioVersion = 14.0.25123.0
MinimumVisualStudioVersion = 10.0.40219.1
Project("{FAE04EC0-301F-11D3-BF4B-00C04F79EFBC}") = "BusinessApp.Droid", "src\BusinessApp.Droid\BusinessApp.Droid.csproj", "{873EC025-F023-4050-B27E-25831486D6C0}"
EndProject
Project("{FAE04EC0-301F-11D3-BF4B-00C04F79EFBC}") = "BusinessApp.iOS", "src\BusinessApp.iOS\BusinessApp.iOS.csproj", "{04CBB0D0-B4E3-4BBA-A955-B01351772CBC}"
EndProject
Project("{FAE04EC0-301F-11D3-BF4B-00C04F79EFBC}") = "BusinessApp.WinPhone", "src\BusinessApp.WinPhone\BusinessApp.WinPhone.csproj", "{3D6B4A1B-D5C4-4231-95AB-B12143C7BFF9}"
EndProject
Project("{FAE04EC0-301F-11D3-BF4B-00C04F79EFBC}") = "BusinessApp.UWP", "src\BusinessApp.UWP\BusinessApp.UWP.csproj", "{83A90D31-50D1-46AD-A13E-FED2ADC80DB6}"
EndProject
Project("{FAE04EC0-301F-11D3-BF4B-00C04F79EFBC}") = "BusinessApp.Windows", "src\BusinessApp.Windows\BusinessApp.Windows.csproj", "{C6C23F39-8611-497D-AD54-9D68E4D055CF}"
EndProject
Project("{FAE04EC0-301F-11D3-BF4B-00C04F79EFBC}") = "BusinessApp", "src\BusinessApp\BusinessApp.csproj", "{2C5E3730-E4BC-4E17-8616-4A9D4734E9FB}"
EndProject
Global
	GlobalSection(SolutionConfigurationPlatforms) = preSolution
		Ad-Hoc|Any CPU = Ad-Hoc|Any CPU
		Ad-Hoc|ARM = Ad-Hoc|ARM
		Ad-Hoc|iPhone = Ad-Hoc|iPhone
		Ad-Hoc|iPhoneSimulator = Ad-Hoc|iPhoneSimulator
		Ad-Hoc|x64 = Ad-Hoc|x64
		Ad-Hoc|x86 = Ad-Hoc|x86
		AppStore|Any CPU = AppStore|Any CPU
		AppStore|ARM = AppStore|ARM
		AppStore|iPhone = AppStore|iPhone
		AppStore|iPhoneSimulator = AppStore|iPhoneSimulator
		AppStore|x64 = AppStore|x64
		AppStore|x86 = AppStore|x86
		Debug|Any CPU = Debug|Any CPU
		Debug|ARM = Debug|ARM
		Debug|iPhone = Debug|iPhone
		Debug|iPhoneSimulator = Debug|iPhoneSimulator
		Debug|x64 = Debug|x64
		Debug|x86 = Debug|x86
		Release|Any CPU = Release|Any CPU
		Release|ARM = Release|ARM
		Release|iPhone = Release|iPhone
		Release|iPhoneSimulator = Release|iPhoneSimulator
		Release|x64 = Release|x64
		Release|x86 = Release|x86
	EndGlobalSection
	GlobalSection(ProjectConfigurationPlatforms) = postSolution
		{873EC025-F023-4050-B27E-25831486D6C0}.Ad-Hoc|Any CPU.ActiveCfg = Release|Any CPU
		{873EC025-F023-4050-B27E-25831486D6C0}.Ad-Hoc|Any CPU.Build.0 = Release|Any CPU
		{873EC025-F023-4050-B27E-25831486D6C0}.Ad-Hoc|Any CPU.Deploy.0 = Release|Any CPU
		{873EC025-F023-4050-B27E-25831486D6C0}.Ad-Hoc|ARM.ActiveCfg = Release|Any CPU
		{873EC025-F023-4050-B27E-25831486D6C0}.Ad-Hoc|ARM.Build.0 = Release|Any CPU
		{873EC025-F023-4050-B27E-25831486D6C0}.Ad-Hoc|ARM.Deploy.0 = Release|Any CPU
		{873EC025-F023-4050-B27E-25831486D6C0}.Ad-Hoc|iPhone.ActiveCfg = Release|Any CPU
		{873EC025-F023-4050-B27E-25831486D6C0}.Ad-Hoc|iPhone.Build.0 = Release|Any CPU
		{873EC025-F023-4050-B27E-25831486D6C0}.Ad-Hoc|iPhone.Deploy.0 = Release|Any CPU
		{873EC025-F023-4050-B27E-25831486D6C0}.Ad-Hoc|iPhoneSimulator.ActiveCfg = Release|Any CPU
		{873EC025-F023-4050-B27E-25831486D6C0}.Ad-Hoc|iPhoneSimulator.Build.0 = Release|Any CPU
		{873EC025-F023-4050-B27E-25831486D6C0}.Ad-Hoc|iPhoneSimulator.Deploy.0 = Release|Any CPU
		{873EC025-F023-4050-B27E-25831486D6C0}.Ad-Hoc|x64.ActiveCfg = Release|Any CPU
		{873EC025-F023-4050-B27E-25831486D6C0}.Ad-Hoc|x64.Build.0 = Release|Any CPU
		{873EC025-F023-4050-B27E-25831486D6C0}.Ad-Hoc|x64.Deploy.0 = Release|Any CPU
		{873EC025-F023-4050-B27E-25831486D6C0}.Ad-Hoc|x86.ActiveCfg = Release|Any CPU
		{873EC025-F023-4050-B27E-25831486D6C0}.Ad-Hoc|x86.Build.0 = Release|Any CPU
		{873EC025-F023-4050-B27E-25831486D6C0}.Ad-Hoc|x86.Deploy.0 = Release|Any CPU
		{873EC025-F023-4050-B27E-25831486D6C0}.AppStore|Any CPU.ActiveCfg = Release|Any CPU
		{873EC025-F023-4050-B27E-25831486D6C0}.AppStore|Any CPU.Build.0 = Release|Any CPU
		{873EC025-F023-4050-B27E-25831486D6C0}.AppStore|Any CPU.Deploy.0 = Release|Any CPU
		{873EC025-F023-4050-B27E-25831486D6C0}.AppStore|ARM.ActiveCfg = Release|Any CPU
		{873EC025-F023-4050-B27E-25831486D6C0}.AppStore|ARM.Build.0 = Release|Any CPU
		{873EC025-F023-4050-B27E-25831486D6C0}.AppStore|ARM.Deploy.0 = Release|Any CPU
		{873EC025-F023-4050-B27E-25831486D6C0}.AppStore|iPhone.ActiveCfg = Release|Any CPU
		{873EC025-F023-4050-B27E-25831486D6C0}.AppStore|iPhone.Build.0 = Release|Any CPU
		{873EC025-F023-4050-B27E-25831486D6C0}.AppStore|iPhone.Deploy.0 = Release|Any CPU
		{873EC025-F023-4050-B27E-25831486D6C0}.AppStore|iPhoneSimulator.ActiveCfg = Release|Any CPU
		{873EC025-F023-4050-B27E-25831486D6C0}.AppStore|iPhoneSimulator.Build.0 = Release|Any CPU
		{873EC025-F023-4050-B27E-25831486D6C0}.AppStore|iPhoneSimulator.Deploy.0 = Release|Any CPU
		{873EC025-F023-4050-B27E-25831486D6C0}.AppStore|x64.ActiveCfg = Release|Any CPU
		{873EC025-F023-4050-B27E-25831486D6C0}.AppStore|x64.Build.0 = Release|Any CPU
		{873EC025-F023-4050-B27E-25831486D6C0}.AppStore|x64.Deploy.0 = Release|Any CPU
		{873EC025-F023-4050-B27E-25831486D6C0}.AppStore|x86.ActiveCfg = Release|Any CPU
		{873EC025-F023-4050-B27E-25831486D6C0}.AppStore|x86.Build.0 = Release|Any CPU
		{873EC025-F023-4050-B27E-25831486D6C0}.AppStore|x86.Deploy.0 = Release|Any CPU
		{873EC025-F023-4050-B27E-25831486D6C0}.Debug|Any CPU.ActiveCfg = Debug|Any CPU
		{873EC025-F023-4050-B27E-25831486D6C0}.Debug|Any CPU.Build.0 = Debug|Any CPU
		{873EC025-F023-4050-B27E-25831486D6C0}.Debug|Any CPU.Deploy.0 = Debug|Any CPU
		{873EC025-F023-4050-B27E-25831486D6C0}.Debug|ARM.ActiveCfg = Debug|Any CPU
		{873EC025-F023-4050-B27E-25831486D6C0}.Debug|ARM.Build.0 = Debug|Any CPU
		{873EC025-F023-4050-B27E-25831486D6C0}.Debug|ARM.Deploy.0 = Debug|Any CPU
		{873EC025-F023-4050-B27E-25831486D6C0}.Debug|iPhone.ActiveCfg = Debug|Any CPU
		{873EC025-F023-4050-B27E-25831486D6C0}.Debug|iPhone.Build.0 = Debug|Any CPU
		{873EC025-F023-4050-B27E-25831486D6C0}.Debug|iPhone.Deploy.0 = Debug|Any CPU
		{873EC025-F023-4050-B27E-25831486D6C0}.Debug|iPhoneSimulator.ActiveCfg = Debug|Any CPU
		{873EC025-F023-4050-B27E-25831486D6C0}.Debug|iPhoneSimulator.Build.0 = Debug|Any CPU
		{873EC025-F023-4050-B27E-25831486D6C0}.Debug|iPhoneSimulator.Deploy.0 = Debug|Any CPU
		{873EC025-F023-4050-B27E-25831486D6C0}.Debug|x64.ActiveCfg = Debug|Any CPU
		{873EC025-F023-4050-B27E-25831486D6C0}.Debug|x64.Build.0 = Debug|Any CPU
		{873EC025-F023-4050-B27E-25831486D6C0}.Debug|x64.Deploy.0 = Debug|Any CPU
		{873EC025-F023-4050-B27E-25831486D6C0}.Debug|x86.ActiveCfg = Debug|Any CPU
		{873EC025-F023-4050-B27E-25831486D6C0}.Debug|x86.Build.0 = Debug|Any CPU
		{873EC025-F023-4050-B27E-25831486D6C0}.Debug|x86.Deploy.0 = Debug|Any CPU
		{873EC025-F023-4050-B27E-25831486D6C0}.Release|Any CPU.ActiveCfg = Release|Any CPU
		{873EC025-F023-4050-B27E-25831486D6C0}.Release|Any CPU.Build.0 = Release|Any CPU
		{873EC025-F023-4050-B27E-25831486D6C0}.Release|Any CPU.Deploy.0 = Release|Any CPU
		{873EC025-F023-4050-B27E-25831486D6C0}.Release|ARM.ActiveCfg = Release|Any CPU
		{873EC025-F023-4050-B27E-25831486D6C0}.Release|ARM.Build.0 = Release|Any CPU
		{873EC025-F023-4050-B27E-25831486D6C0}.Release|ARM.Deploy.0 = Release|Any CPU
		{873EC025-F023-4050-B27E-25831486D6C0}.Release|iPhone.ActiveCfg = Release|Any CPU
		{873EC025-F023-4050-B27E-25831486D6C0}.Release|iPhone.Build.0 = Release|Any CPU
		{873EC025-F023-4050-B27E-25831486D6C0}.Release|iPhone.Deploy.0 = Release|Any CPU
		{873EC025-F023-4050-B27E-25831486D6C0}.Release|iPhoneSimulator.ActiveCfg = Release|Any CPU
		{873EC025-F023-4050-B27E-25831486D6C0}.Release|iPhoneSimulator.Build.0 = Release|Any CPU
		{873EC025-F023-4050-B27E-25831486D6C0}.Release|iPhoneSimulator.Deploy.0 = Release|Any CPU
		{873EC025-F023-4050-B27E-25831486D6C0}.Release|x64.ActiveCfg = Release|Any CPU
		{873EC025-F023-4050-B27E-25831486D6C0}.Release|x64.Build.0 = Release|Any CPU
		{873EC025-F023-4050-B27E-25831486D6C0}.Release|x64.Deploy.0 = Release|Any CPU
		{873EC025-F023-4050-B27E-25831486D6C0}.Release|x86.ActiveCfg = Release|Any CPU
		{873EC025-F023-4050-B27E-25831486D6C0}.Release|x86.Build.0 = Release|Any CPU
		{873EC025-F023-4050-B27E-25831486D6C0}.Release|x86.Deploy.0 = Release|Any CPU
		{04CBB0D0-B4E3-4BBA-A955-B01351772CBC}.Ad-Hoc|Any CPU.ActiveCfg = Ad-Hoc|iPhone
		{04CBB0D0-B4E3-4BBA-A955-B01351772CBC}.Ad-Hoc|ARM.ActiveCfg = Ad-Hoc|iPhone
		{04CBB0D0-B4E3-4BBA-A955-B01351772CBC}.Ad-Hoc|iPhone.ActiveCfg = Ad-Hoc|iPhone
		{04CBB0D0-B4E3-4BBA-A955-B01351772CBC}.Ad-Hoc|iPhone.Build.0 = Ad-Hoc|iPhone
		{04CBB0D0-B4E3-4BBA-A955-B01351772CBC}.Ad-Hoc|iPhoneSimulator.ActiveCfg = Ad-Hoc|iPhoneSimulator
		{04CBB0D0-B4E3-4BBA-A955-B01351772CBC}.Ad-Hoc|iPhoneSimulator.Build.0 = Ad-Hoc|iPhoneSimulator
		{04CBB0D0-B4E3-4BBA-A955-B01351772CBC}.Ad-Hoc|x64.ActiveCfg = Ad-Hoc|iPhone
		{04CBB0D0-B4E3-4BBA-A955-B01351772CBC}.Ad-Hoc|x86.ActiveCfg = Ad-Hoc|iPhone
		{04CBB0D0-B4E3-4BBA-A955-B01351772CBC}.AppStore|Any CPU.ActiveCfg = AppStore|iPhone
		{04CBB0D0-B4E3-4BBA-A955-B01351772CBC}.AppStore|ARM.ActiveCfg = AppStore|iPhone
		{04CBB0D0-B4E3-4BBA-A955-B01351772CBC}.AppStore|iPhone.ActiveCfg = AppStore|iPhone
		{04CBB0D0-B4E3-4BBA-A955-B01351772CBC}.AppStore|iPhone.Build.0 = AppStore|iPhone
		{04CBB0D0-B4E3-4BBA-A955-B01351772CBC}.AppStore|iPhoneSimulator.ActiveCfg = AppStore|iPhoneSimulator
		{04CBB0D0-B4E3-4BBA-A955-B01351772CBC}.AppStore|iPhoneSimulator.Build.0 = AppStore|iPhoneSimulator
		{04CBB0D0-B4E3-4BBA-A955-B01351772CBC}.AppStore|x64.ActiveCfg = AppStore|iPhone
		{04CBB0D0-B4E3-4BBA-A955-B01351772CBC}.AppStore|x86.ActiveCfg = AppStore|iPhone
		{04CBB0D0-B4E3-4BBA-A955-B01351772CBC}.Debug|Any CPU.ActiveCfg = Debug|iPhone
		{04CBB0D0-B4E3-4BBA-A955-B01351772CBC}.Debug|ARM.ActiveCfg = Debug|iPhone
		{04CBB0D0-B4E3-4BBA-A955-B01351772CBC}.Debug|iPhone.ActiveCfg = Debug|iPhone
		{04CBB0D0-B4E3-4BBA-A955-B01351772CBC}.Debug|iPhone.Build.0 = Debug|iPhone
		{04CBB0D0-B4E3-4BBA-A955-B01351772CBC}.Debug|iPhoneSimulator.ActiveCfg = Debug|iPhoneSimulator
		{04CBB0D0-B4E3-4BBA-A955-B01351772CBC}.Debug|iPhoneSimulator.Build.0 = Debug|iPhoneSimulator
		{04CBB0D0-B4E3-4BBA-A955-B01351772CBC}.Debug|x64.ActiveCfg = Debug|iPhone
		{04CBB0D0-B4E3-4BBA-A955-B01351772CBC}.Debug|x86.ActiveCfg = Debug|iPhone
		{04CBB0D0-B4E3-4BBA-A955-B01351772CBC}.Release|Any CPU.ActiveCfg = Release|iPhone
		{04CBB0D0-B4E3-4BBA-A955-B01351772CBC}.Release|ARM.ActiveCfg = Release|iPhone
		{04CBB0D0-B4E3-4BBA-A955-B01351772CBC}.Release|iPhone.ActiveCfg = Release|iPhone
		{04CBB0D0-B4E3-4BBA-A955-B01351772CBC}.Release|iPhone.Build.0 = Release|iPhone
		{04CBB0D0-B4E3-4BBA-A955-B01351772CBC}.Release|iPhoneSimulator.ActiveCfg = Release|iPhoneSimulator
		{04CBB0D0-B4E3-4BBA-A955-B01351772CBC}.Release|iPhoneSimulator.Build.0 = Release|iPhoneSimulator
		{04CBB0D0-B4E3-4BBA-A955-B01351772CBC}.Release|x64.ActiveCfg = Release|iPhone
		{04CBB0D0-B4E3-4BBA-A955-B01351772CBC}.Release|x86.ActiveCfg = Release|iPhone
		{3D6B4A1B-D5C4-4231-95AB-B12143C7BFF9}.Ad-Hoc|Any CPU.ActiveCfg = Release|Any CPU
		{3D6B4A1B-D5C4-4231-95AB-B12143C7BFF9}.Ad-Hoc|Any CPU.Build.0 = Release|Any CPU
		{3D6B4A1B-D5C4-4231-95AB-B12143C7BFF9}.Ad-Hoc|Any CPU.Deploy.0 = Release|Any CPU
		{3D6B4A1B-D5C4-4231-95AB-B12143C7BFF9}.Ad-Hoc|ARM.ActiveCfg = Release|ARM
		{3D6B4A1B-D5C4-4231-95AB-B12143C7BFF9}.Ad-Hoc|ARM.Build.0 = Release|ARM
		{3D6B4A1B-D5C4-4231-95AB-B12143C7BFF9}.Ad-Hoc|ARM.Deploy.0 = Release|ARM
		{3D6B4A1B-D5C4-4231-95AB-B12143C7BFF9}.Ad-Hoc|iPhone.ActiveCfg = Release|Any CPU
		{3D6B4A1B-D5C4-4231-95AB-B12143C7BFF9}.Ad-Hoc|iPhone.Build.0 = Release|Any CPU
		{3D6B4A1B-D5C4-4231-95AB-B12143C7BFF9}.Ad-Hoc|iPhone.Deploy.0 = Release|Any CPU
		{3D6B4A1B-D5C4-4231-95AB-B12143C7BFF9}.Ad-Hoc|iPhoneSimulator.ActiveCfg = Release|Any CPU
		{3D6B4A1B-D5C4-4231-95AB-B12143C7BFF9}.Ad-Hoc|iPhoneSimulator.Build.0 = Release|Any CPU
		{3D6B4A1B-D5C4-4231-95AB-B12143C7BFF9}.Ad-Hoc|iPhoneSimulator.Deploy.0 = Release|Any CPU
		{3D6B4A1B-D5C4-4231-95AB-B12143C7BFF9}.Ad-Hoc|x64.ActiveCfg = Release|Any CPU
		{3D6B4A1B-D5C4-4231-95AB-B12143C7BFF9}.Ad-Hoc|x64.Build.0 = Release|Any CPU
		{3D6B4A1B-D5C4-4231-95AB-B12143C7BFF9}.Ad-Hoc|x64.Deploy.0 = Release|Any CPU
		{3D6B4A1B-D5C4-4231-95AB-B12143C7BFF9}.Ad-Hoc|x86.ActiveCfg = Release|x86
		{3D6B4A1B-D5C4-4231-95AB-B12143C7BFF9}.Ad-Hoc|x86.Build.0 = Release|x86
		{3D6B4A1B-D5C4-4231-95AB-B12143C7BFF9}.Ad-Hoc|x86.Deploy.0 = Release|x86
		{3D6B4A1B-D5C4-4231-95AB-B12143C7BFF9}.AppStore|Any CPU.ActiveCfg = Release|Any CPU
		{3D6B4A1B-D5C4-4231-95AB-B12143C7BFF9}.AppStore|Any CPU.Build.0 = Release|Any CPU
		{3D6B4A1B-D5C4-4231-95AB-B12143C7BFF9}.AppStore|Any CPU.Deploy.0 = Release|Any CPU
		{3D6B4A1B-D5C4-4231-95AB-B12143C7BFF9}.AppStore|ARM.ActiveCfg = Release|ARM
		{3D6B4A1B-D5C4-4231-95AB-B12143C7BFF9}.AppStore|ARM.Build.0 = Release|ARM
		{3D6B4A1B-D5C4-4231-95AB-B12143C7BFF9}.AppStore|ARM.Deploy.0 = Release|ARM
		{3D6B4A1B-D5C4-4231-95AB-B12143C7BFF9}.AppStore|iPhone.ActiveCfg = Release|Any CPU
		{3D6B4A1B-D5C4-4231-95AB-B12143C7BFF9}.AppStore|iPhone.Build.0 = Release|Any CPU
		{3D6B4A1B-D5C4-4231-95AB-B12143C7BFF9}.AppStore|iPhone.Deploy.0 = Release|Any CPU
		{3D6B4A1B-D5C4-4231-95AB-B12143C7BFF9}.AppStore|iPhoneSimulator.ActiveCfg = Release|Any CPU
		{3D6B4A1B-D5C4-4231-95AB-B12143C7BFF9}.AppStore|iPhoneSimulator.Build.0 = Release|Any CPU
		{3D6B4A1B-D5C4-4231-95AB-B12143C7BFF9}.AppStore|iPhoneSimulator.Deploy.0 = Release|Any CPU
		{3D6B4A1B-D5C4-4231-95AB-B12143C7BFF9}.AppStore|x64.ActiveCfg = Release|Any CPU
		{3D6B4A1B-D5C4-4231-95AB-B12143C7BFF9}.AppStore|x64.Build.0 = Release|Any CPU
		{3D6B4A1B-D5C4-4231-95AB-B12143C7BFF9}.AppStore|x64.Deploy.0 = Release|Any CPU
		{3D6B4A1B-D5C4-4231-95AB-B12143C7BFF9}.AppStore|x86.ActiveCfg = Release|x86
		{3D6B4A1B-D5C4-4231-95AB-B12143C7BFF9}.AppStore|x86.Build.0 = Release|x86
		{3D6B4A1B-D5C4-4231-95AB-B12143C7BFF9}.AppStore|x86.Deploy.0 = Release|x86
		{3D6B4A1B-D5C4-4231-95AB-B12143C7BFF9}.Debug|Any CPU.ActiveCfg = Debug|Any CPU
		{3D6B4A1B-D5C4-4231-95AB-B12143C7BFF9}.Debug|Any CPU.Build.0 = Debug|Any CPU
		{3D6B4A1B-D5C4-4231-95AB-B12143C7BFF9}.Debug|Any CPU.Deploy.0 = Debug|Any CPU
		{3D6B4A1B-D5C4-4231-95AB-B12143C7BFF9}.Debug|ARM.ActiveCfg = Debug|ARM
		{3D6B4A1B-D5C4-4231-95AB-B12143C7BFF9}.Debug|ARM.Build.0 = Debug|ARM
		{3D6B4A1B-D5C4-4231-95AB-B12143C7BFF9}.Debug|ARM.Deploy.0 = Debug|ARM
		{3D6B4A1B-D5C4-4231-95AB-B12143C7BFF9}.Debug|iPhone.ActiveCfg = Debug|Any CPU
		{3D6B4A1B-D5C4-4231-95AB-B12143C7BFF9}.Debug|iPhone.Build.0 = Debug|Any CPU
		{3D6B4A1B-D5C4-4231-95AB-B12143C7BFF9}.Debug|iPhone.Deploy.0 = Debug|Any CPU
		{3D6B4A1B-D5C4-4231-95AB-B12143C7BFF9}.Debug|iPhoneSimulator.ActiveCfg = Debug|Any CPU
		{3D6B4A1B-D5C4-4231-95AB-B12143C7BFF9}.Debug|iPhoneSimulator.Build.0 = Debug|Any CPU
		{3D6B4A1B-D5C4-4231-95AB-B12143C7BFF9}.Debug|iPhoneSimulator.Deploy.0 = Debug|Any CPU
		{3D6B4A1B-D5C4-4231-95AB-B12143C7BFF9}.Debug|x64.ActiveCfg = Debug|Any CPU
		{3D6B4A1B-D5C4-4231-95AB-B12143C7BFF9}.Debug|x64.Build.0 = Debug|Any CPU
		{3D6B4A1B-D5C4-4231-95AB-B12143C7BFF9}.Debug|x64.Deploy.0 = Debug|Any CPU
		{3D6B4A1B-D5C4-4231-95AB-B12143C7BFF9}.Debug|x86.ActiveCfg = Debug|x86
		{3D6B4A1B-D5C4-4231-95AB-B12143C7BFF9}.Debug|x86.Build.0 = Debug|x86
		{3D6B4A1B-D5C4-4231-95AB-B12143C7BFF9}.Debug|x86.Deploy.0 = Debug|x86
		{3D6B4A1B-D5C4-4231-95AB-B12143C7BFF9}.Release|Any CPU.ActiveCfg = Release|Any CPU
		{3D6B4A1B-D5C4-4231-95AB-B12143C7BFF9}.Release|Any CPU.Build.0 = Release|Any CPU
		{3D6B4A1B-D5C4-4231-95AB-B12143C7BFF9}.Release|Any CPU.Deploy.0 = Release|Any CPU
		{3D6B4A1B-D5C4-4231-95AB-B12143C7BFF9}.Release|ARM.ActiveCfg = Release|ARM
		{3D6B4A1B-D5C4-4231-95AB-B12143C7BFF9}.Release|ARM.Build.0 = Release|ARM
		{3D6B4A1B-D5C4-4231-95AB-B12143C7BFF9}.Release|ARM.Deploy.0 = Release|ARM
		{3D6B4A1B-D5C4-4231-95AB-B12143C7BFF9}.Release|iPhone.ActiveCfg = Release|Any CPU
		{3D6B4A1B-D5C4-4231-95AB-B12143C7BFF9}.Release|iPhone.Build.0 = Release|Any CPU
		{3D6B4A1B-D5C4-4231-95AB-B12143C7BFF9}.Release|iPhone.Deploy.0 = Release|Any CPU
		{3D6B4A1B-D5C4-4231-95AB-B12143C7BFF9}.Release|iPhoneSimulator.ActiveCfg = Release|Any CPU
		{3D6B4A1B-D5C4-4231-95AB-B12143C7BFF9}.Release|iPhoneSimulator.Build.0 = Release|Any CPU
		{3D6B4A1B-D5C4-4231-95AB-B12143C7BFF9}.Release|iPhoneSimulator.Deploy.0 = Release|Any CPU
		{3D6B4A1B-D5C4-4231-95AB-B12143C7BFF9}.Release|x64.ActiveCfg = Release|Any CPU
		{3D6B4A1B-D5C4-4231-95AB-B12143C7BFF9}.Release|x64.Build.0 = Release|Any CPU
		{3D6B4A1B-D5C4-4231-95AB-B12143C7BFF9}.Release|x64.Deploy.0 = Release|Any CPU
		{3D6B4A1B-D5C4-4231-95AB-B12143C7BFF9}.Release|x86.ActiveCfg = Release|x86
		{3D6B4A1B-D5C4-4231-95AB-B12143C7BFF9}.Release|x86.Build.0 = Release|x86
		{3D6B4A1B-D5C4-4231-95AB-B12143C7BFF9}.Release|x86.Deploy.0 = Release|x86
		{83A90D31-50D1-46AD-A13E-FED2ADC80DB6}.Ad-Hoc|Any CPU.ActiveCfg = Release|x86
		{83A90D31-50D1-46AD-A13E-FED2ADC80DB6}.Ad-Hoc|Any CPU.Build.0 = Release|x86
		{83A90D31-50D1-46AD-A13E-FED2ADC80DB6}.Ad-Hoc|Any CPU.Deploy.0 = Release|x86
		{83A90D31-50D1-46AD-A13E-FED2ADC80DB6}.Ad-Hoc|ARM.ActiveCfg = Release|ARM
		{83A90D31-50D1-46AD-A13E-FED2ADC80DB6}.Ad-Hoc|ARM.Build.0 = Release|ARM
		{83A90D31-50D1-46AD-A13E-FED2ADC80DB6}.Ad-Hoc|ARM.Deploy.0 = Release|ARM
		{83A90D31-50D1-46AD-A13E-FED2ADC80DB6}.Ad-Hoc|iPhone.ActiveCfg = Release|x86
		{83A90D31-50D1-46AD-A13E-FED2ADC80DB6}.Ad-Hoc|iPhone.Build.0 = Release|x86
		{83A90D31-50D1-46AD-A13E-FED2ADC80DB6}.Ad-Hoc|iPhone.Deploy.0 = Release|x86
		{83A90D31-50D1-46AD-A13E-FED2ADC80DB6}.Ad-Hoc|iPhoneSimulator.ActiveCfg = Release|x86
		{83A90D31-50D1-46AD-A13E-FED2ADC80DB6}.Ad-Hoc|iPhoneSimulator.Build.0 = Release|x86
		{83A90D31-50D1-46AD-A13E-FED2ADC80DB6}.Ad-Hoc|iPhoneSimulator.Deploy.0 = Release|x86
		{83A90D31-50D1-46AD-A13E-FED2ADC80DB6}.Ad-Hoc|x64.ActiveCfg = Release|x64
		{83A90D31-50D1-46AD-A13E-FED2ADC80DB6}.Ad-Hoc|x64.Build.0 = Release|x64
		{83A90D31-50D1-46AD-A13E-FED2ADC80DB6}.Ad-Hoc|x64.Deploy.0 = Release|x64
		{83A90D31-50D1-46AD-A13E-FED2ADC80DB6}.Ad-Hoc|x86.ActiveCfg = Release|x86
		{83A90D31-50D1-46AD-A13E-FED2ADC80DB6}.Ad-Hoc|x86.Build.0 = Release|x86
		{83A90D31-50D1-46AD-A13E-FED2ADC80DB6}.Ad-Hoc|x86.Deploy.0 = Release|x86
		{83A90D31-50D1-46AD-A13E-FED2ADC80DB6}.AppStore|Any CPU.ActiveCfg = Release|x86
		{83A90D31-50D1-46AD-A13E-FED2ADC80DB6}.AppStore|Any CPU.Build.0 = Release|x86
		{83A90D31-50D1-46AD-A13E-FED2ADC80DB6}.AppStore|Any CPU.Deploy.0 = Release|x86
		{83A90D31-50D1-46AD-A13E-FED2ADC80DB6}.AppStore|ARM.ActiveCfg = Release|ARM
		{83A90D31-50D1-46AD-A13E-FED2ADC80DB6}.AppStore|ARM.Build.0 = Release|ARM
		{83A90D31-50D1-46AD-A13E-FED2ADC80DB6}.AppStore|ARM.Deploy.0 = Release|ARM
		{83A90D31-50D1-46AD-A13E-FED2ADC80DB6}.AppStore|iPhone.ActiveCfg = Release|x86
		{83A90D31-50D1-46AD-A13E-FED2ADC80DB6}.AppStore|iPhone.Build.0 = Release|x86
		{83A90D31-50D1-46AD-A13E-FED2ADC80DB6}.AppStore|iPhone.Deploy.0 = Release|x86
		{83A90D31-50D1-46AD-A13E-FED2ADC80DB6}.AppStore|iPhoneSimulator.ActiveCfg = Release|x86
		{83A90D31-50D1-46AD-A13E-FED2ADC80DB6}.AppStore|iPhoneSimulator.Build.0 = Release|x86
		{83A90D31-50D1-46AD-A13E-FED2ADC80DB6}.AppStore|iPhoneSimulator.Deploy.0 = Release|x86
		{83A90D31-50D1-46AD-A13E-FED2ADC80DB6}.AppStore|x64.ActiveCfg = Release|x64
		{83A90D31-50D1-46AD-A13E-FED2ADC80DB6}.AppStore|x64.Build.0 = Release|x64
		{83A90D31-50D1-46AD-A13E-FED2ADC80DB6}.AppStore|x64.Deploy.0 = Release|x64
		{83A90D31-50D1-46AD-A13E-FED2ADC80DB6}.AppStore|x86.ActiveCfg = Release|x86
		{83A90D31-50D1-46AD-A13E-FED2ADC80DB6}.AppStore|x86.Build.0 = Release|x86
		{83A90D31-50D1-46AD-A13E-FED2ADC80DB6}.AppStore|x86.Deploy.0 = Release|x86
		{83A90D31-50D1-46AD-A13E-FED2ADC80DB6}.Debug|Any CPU.ActiveCfg = Debug|x86
		{83A90D31-50D1-46AD-A13E-FED2ADC80DB6}.Debug|ARM.ActiveCfg = Debug|ARM
		{83A90D31-50D1-46AD-A13E-FED2ADC80DB6}.Debug|ARM.Build.0 = Debug|ARM
		{83A90D31-50D1-46AD-A13E-FED2ADC80DB6}.Debug|ARM.Deploy.0 = Debug|ARM
		{83A90D31-50D1-46AD-A13E-FED2ADC80DB6}.Debug|iPhone.ActiveCfg = Debug|x86
		{83A90D31-50D1-46AD-A13E-FED2ADC80DB6}.Debug|iPhoneSimulator.ActiveCfg = Debug|x86
		{83A90D31-50D1-46AD-A13E-FED2ADC80DB6}.Debug|x64.ActiveCfg = Debug|x64
		{83A90D31-50D1-46AD-A13E-FED2ADC80DB6}.Debug|x64.Build.0 = Debug|x64
		{83A90D31-50D1-46AD-A13E-FED2ADC80DB6}.Debug|x64.Deploy.0 = Debug|x64
		{83A90D31-50D1-46AD-A13E-FED2ADC80DB6}.Debug|x86.ActiveCfg = Debug|x86
		{83A90D31-50D1-46AD-A13E-FED2ADC80DB6}.Debug|x86.Build.0 = Debug|x86
		{83A90D31-50D1-46AD-A13E-FED2ADC80DB6}.Debug|x86.Deploy.0 = Debug|x86
		{83A90D31-50D1-46AD-A13E-FED2ADC80DB6}.Release|Any CPU.ActiveCfg = Release|x86
		{83A90D31-50D1-46AD-A13E-FED2ADC80DB6}.Release|ARM.ActiveCfg = Release|ARM
		{83A90D31-50D1-46AD-A13E-FED2ADC80DB6}.Release|ARM.Build.0 = Release|ARM
		{83A90D31-50D1-46AD-A13E-FED2ADC80DB6}.Release|ARM.Deploy.0 = Release|ARM
		{83A90D31-50D1-46AD-A13E-FED2ADC80DB6}.Release|iPhone.ActiveCfg = Release|x86
		{83A90D31-50D1-46AD-A13E-FED2ADC80DB6}.Release|iPhoneSimulator.ActiveCfg = Release|x86
		{83A90D31-50D1-46AD-A13E-FED2ADC80DB6}.Release|x64.ActiveCfg = Release|x64
		{83A90D31-50D1-46AD-A13E-FED2ADC80DB6}.Release|x64.Build.0 = Release|x64
		{83A90D31-50D1-46AD-A13E-FED2ADC80DB6}.Release|x64.Deploy.0 = Release|x64
		{83A90D31-50D1-46AD-A13E-FED2ADC80DB6}.Release|x86.ActiveCfg = Release|x86
		{83A90D31-50D1-46AD-A13E-FED2ADC80DB6}.Release|x86.Build.0 = Release|x86
		{83A90D31-50D1-46AD-A13E-FED2ADC80DB6}.Release|x86.Deploy.0 = Release|x86
		{C6C23F39-8611-497D-AD54-9D68E4D055CF}.Ad-Hoc|Any CPU.ActiveCfg = Release|Any CPU
		{C6C23F39-8611-497D-AD54-9D68E4D055CF}.Ad-Hoc|Any CPU.Build.0 = Release|Any CPU
		{C6C23F39-8611-497D-AD54-9D68E4D055CF}.Ad-Hoc|Any CPU.Deploy.0 = Release|Any CPU
		{C6C23F39-8611-497D-AD54-9D68E4D055CF}.Ad-Hoc|ARM.ActiveCfg = Release|ARM
		{C6C23F39-8611-497D-AD54-9D68E4D055CF}.Ad-Hoc|ARM.Build.0 = Release|ARM
		{C6C23F39-8611-497D-AD54-9D68E4D055CF}.Ad-Hoc|ARM.Deploy.0 = Release|ARM
		{C6C23F39-8611-497D-AD54-9D68E4D055CF}.Ad-Hoc|iPhone.ActiveCfg = Release|Any CPU
		{C6C23F39-8611-497D-AD54-9D68E4D055CF}.Ad-Hoc|iPhone.Build.0 = Release|Any CPU
		{C6C23F39-8611-497D-AD54-9D68E4D055CF}.Ad-Hoc|iPhone.Deploy.0 = Release|Any CPU
		{C6C23F39-8611-497D-AD54-9D68E4D055CF}.Ad-Hoc|iPhoneSimulator.ActiveCfg = Release|Any CPU
		{C6C23F39-8611-497D-AD54-9D68E4D055CF}.Ad-Hoc|iPhoneSimulator.Build.0 = Release|Any CPU
		{C6C23F39-8611-497D-AD54-9D68E4D055CF}.Ad-Hoc|iPhoneSimulator.Deploy.0 = Release|Any CPU
		{C6C23F39-8611-497D-AD54-9D68E4D055CF}.Ad-Hoc|x64.ActiveCfg = Release|x64
		{C6C23F39-8611-497D-AD54-9D68E4D055CF}.Ad-Hoc|x64.Build.0 = Release|x64
		{C6C23F39-8611-497D-AD54-9D68E4D055CF}.Ad-Hoc|x64.Deploy.0 = Release|x64
		{C6C23F39-8611-497D-AD54-9D68E4D055CF}.Ad-Hoc|x86.ActiveCfg = Release|x86
		{C6C23F39-8611-497D-AD54-9D68E4D055CF}.Ad-Hoc|x86.Build.0 = Release|x86
		{C6C23F39-8611-497D-AD54-9D68E4D055CF}.Ad-Hoc|x86.Deploy.0 = Release|x86
		{C6C23F39-8611-497D-AD54-9D68E4D055CF}.AppStore|Any CPU.ActiveCfg = Release|Any CPU
		{C6C23F39-8611-497D-AD54-9D68E4D055CF}.AppStore|Any CPU.Build.0 = Release|Any CPU
		{C6C23F39-8611-497D-AD54-9D68E4D055CF}.AppStore|Any CPU.Deploy.0 = Release|Any CPU
		{C6C23F39-8611-497D-AD54-9D68E4D055CF}.AppStore|ARM.ActiveCfg = Release|ARM
		{C6C23F39-8611-497D-AD54-9D68E4D055CF}.AppStore|ARM.Build.0 = Release|ARM
		{C6C23F39-8611-497D-AD54-9D68E4D055CF}.AppStore|ARM.Deploy.0 = Release|ARM
		{C6C23F39-8611-497D-AD54-9D68E4D055CF}.AppStore|iPhone.ActiveCfg = Release|Any CPU
		{C6C23F39-8611-497D-AD54-9D68E4D055CF}.AppStore|iPhone.Build.0 = Release|Any CPU
		{C6C23F39-8611-497D-AD54-9D68E4D055CF}.AppStore|iPhone.Deploy.0 = Release|Any CPU
		{C6C23F39-8611-497D-AD54-9D68E4D055CF}.AppStore|iPhoneSimulator.ActiveCfg = Release|Any CPU
		{C6C23F39-8611-497D-AD54-9D68E4D055CF}.AppStore|iPhoneSimulator.Build.0 = Release|Any CPU
		{C6C23F39-8611-497D-AD54-9D68E4D055CF}.AppStore|iPhoneSimulator.Deploy.0 = Release|Any CPU
		{C6C23F39-8611-497D-AD54-9D68E4D055CF}.AppStore|x64.ActiveCfg = Release|x64
		{C6C23F39-8611-497D-AD54-9D68E4D055CF}.AppStore|x64.Build.0 = Release|x64
		{C6C23F39-8611-497D-AD54-9D68E4D055CF}.AppStore|x64.Deploy.0 = Release|x64
		{C6C23F39-8611-497D-AD54-9D68E4D055CF}.AppStore|x86.ActiveCfg = Release|x86
		{C6C23F39-8611-497D-AD54-9D68E4D055CF}.AppStore|x86.Build.0 = Release|x86
		{C6C23F39-8611-497D-AD54-9D68E4D055CF}.AppStore|x86.Deploy.0 = Release|x86
		{C6C23F39-8611-497D-AD54-9D68E4D055CF}.Debug|Any CPU.ActiveCfg = Debug|Any CPU
		{C6C23F39-8611-497D-AD54-9D68E4D055CF}.Debug|Any CPU.Build.0 = Debug|Any CPU
		{C6C23F39-8611-497D-AD54-9D68E4D055CF}.Debug|Any CPU.Deploy.0 = Debug|Any CPU
		{C6C23F39-8611-497D-AD54-9D68E4D055CF}.Debug|ARM.ActiveCfg = Debug|ARM
		{C6C23F39-8611-497D-AD54-9D68E4D055CF}.Debug|ARM.Build.0 = Debug|ARM
		{C6C23F39-8611-497D-AD54-9D68E4D055CF}.Debug|ARM.Deploy.0 = Debug|ARM
		{C6C23F39-8611-497D-AD54-9D68E4D055CF}.Debug|iPhone.ActiveCfg = Debug|Any CPU
		{C6C23F39-8611-497D-AD54-9D68E4D055CF}.Debug|iPhone.Build.0 = Debug|Any CPU
		{C6C23F39-8611-497D-AD54-9D68E4D055CF}.Debug|iPhone.Deploy.0 = Debug|Any CPU
		{C6C23F39-8611-497D-AD54-9D68E4D055CF}.Debug|iPhoneSimulator.ActiveCfg = Debug|Any CPU
		{C6C23F39-8611-497D-AD54-9D68E4D055CF}.Debug|iPhoneSimulator.Build.0 = Debug|Any CPU
		{C6C23F39-8611-497D-AD54-9D68E4D055CF}.Debug|iPhoneSimulator.Deploy.0 = Debug|Any CPU
		{C6C23F39-8611-497D-AD54-9D68E4D055CF}.Debug|x64.ActiveCfg = Debug|x64
		{C6C23F39-8611-497D-AD54-9D68E4D055CF}.Debug|x64.Build.0 = Debug|x64
		{C6C23F39-8611-497D-AD54-9D68E4D055CF}.Debug|x64.Deploy.0 = Debug|x64
		{C6C23F39-8611-497D-AD54-9D68E4D055CF}.Debug|x86.ActiveCfg = Debug|x86
		{C6C23F39-8611-497D-AD54-9D68E4D055CF}.Debug|x86.Build.0 = Debug|x86
		{C6C23F39-8611-497D-AD54-9D68E4D055CF}.Debug|x86.Deploy.0 = Debug|x86
		{C6C23F39-8611-497D-AD54-9D68E4D055CF}.Release|Any CPU.ActiveCfg = Release|Any CPU
		{C6C23F39-8611-497D-AD54-9D68E4D055CF}.Release|Any CPU.Build.0 = Release|Any CPU
		{C6C23F39-8611-497D-AD54-9D68E4D055CF}.Release|Any CPU.Deploy.0 = Release|Any CPU
		{C6C23F39-8611-497D-AD54-9D68E4D055CF}.Release|ARM.ActiveCfg = Release|ARM
		{C6C23F39-8611-497D-AD54-9D68E4D055CF}.Release|ARM.Build.0 = Release|ARM
		{C6C23F39-8611-497D-AD54-9D68E4D055CF}.Release|ARM.Deploy.0 = Release|ARM
		{C6C23F39-8611-497D-AD54-9D68E4D055CF}.Release|iPhone.ActiveCfg = Release|Any CPU
		{C6C23F39-8611-497D-AD54-9D68E4D055CF}.Release|iPhone.Build.0 = Release|Any CPU
		{C6C23F39-8611-497D-AD54-9D68E4D055CF}.Release|iPhone.Deploy.0 = Release|Any CPU
		{C6C23F39-8611-497D-AD54-9D68E4D055CF}.Release|iPhoneSimulator.ActiveCfg = Release|Any CPU
		{C6C23F39-8611-497D-AD54-9D68E4D055CF}.Release|iPhoneSimulator.Build.0 = Release|Any CPU
		{C6C23F39-8611-497D-AD54-9D68E4D055CF}.Release|iPhoneSimulator.Deploy.0 = Release|Any CPU
		{C6C23F39-8611-497D-AD54-9D68E4D055CF}.Release|x64.ActiveCfg = Release|x64
		{C6C23F39-8611-497D-AD54-9D68E4D055CF}.Release|x64.Build.0 = Release|x64
		{C6C23F39-8611-497D-AD54-9D68E4D055CF}.Release|x64.Deploy.0 = Release|x64
		{C6C23F39-8611-497D-AD54-9D68E4D055CF}.Release|x86.ActiveCfg = Release|x86
		{C6C23F39-8611-497D-AD54-9D68E4D055CF}.Release|x86.Build.0 = Release|x86
		{C6C23F39-8611-497D-AD54-9D68E4D055CF}.Release|x86.Deploy.0 = Release|x86
		{2C5E3730-E4BC-4E17-8616-4A9D4734E9FB}.Ad-Hoc|Any CPU.ActiveCfg = Release|Any CPU
		{2C5E3730-E4BC-4E17-8616-4A9D4734E9FB}.Ad-Hoc|Any CPU.Build.0 = Release|Any CPU
		{2C5E3730-E4BC-4E17-8616-4A9D4734E9FB}.Ad-Hoc|ARM.ActiveCfg = Release|Any CPU
		{2C5E3730-E4BC-4E17-8616-4A9D4734E9FB}.Ad-Hoc|ARM.Build.0 = Release|Any CPU
		{2C5E3730-E4BC-4E17-8616-4A9D4734E9FB}.Ad-Hoc|iPhone.ActiveCfg = Release|Any CPU
		{2C5E3730-E4BC-4E17-8616-4A9D4734E9FB}.Ad-Hoc|iPhone.Build.0 = Release|Any CPU
		{2C5E3730-E4BC-4E17-8616-4A9D4734E9FB}.Ad-Hoc|iPhoneSimulator.ActiveCfg = Release|Any CPU
		{2C5E3730-E4BC-4E17-8616-4A9D4734E9FB}.Ad-Hoc|iPhoneSimulator.Build.0 = Release|Any CPU
		{2C5E3730-E4BC-4E17-8616-4A9D4734E9FB}.Ad-Hoc|x64.ActiveCfg = Release|Any CPU
		{2C5E3730-E4BC-4E17-8616-4A9D4734E9FB}.Ad-Hoc|x64.Build.0 = Release|Any CPU
		{2C5E3730-E4BC-4E17-8616-4A9D4734E9FB}.Ad-Hoc|x86.ActiveCfg = Release|Any CPU
		{2C5E3730-E4BC-4E17-8616-4A9D4734E9FB}.Ad-Hoc|x86.Build.0 = Release|Any CPU
		{2C5E3730-E4BC-4E17-8616-4A9D4734E9FB}.AppStore|Any CPU.ActiveCfg = Release|Any CPU
		{2C5E3730-E4BC-4E17-8616-4A9D4734E9FB}.AppStore|Any CPU.Build.0 = Release|Any CPU
		{2C5E3730-E4BC-4E17-8616-4A9D4734E9FB}.AppStore|ARM.ActiveCfg = Release|Any CPU
		{2C5E3730-E4BC-4E17-8616-4A9D4734E9FB}.AppStore|ARM.Build.0 = Release|Any CPU
		{2C5E3730-E4BC-4E17-8616-4A9D4734E9FB}.AppStore|iPhone.ActiveCfg = Release|Any CPU
		{2C5E3730-E4BC-4E17-8616-4A9D4734E9FB}.AppStore|iPhone.Build.0 = Release|Any CPU
		{2C5E3730-E4BC-4E17-8616-4A9D4734E9FB}.AppStore|iPhoneSimulator.ActiveCfg = Release|Any CPU
		{2C5E3730-E4BC-4E17-8616-4A9D4734E9FB}.AppStore|iPhoneSimulator.Build.0 = Release|Any CPU
		{2C5E3730-E4BC-4E17-8616-4A9D4734E9FB}.AppStore|x64.ActiveCfg = Release|Any CPU
		{2C5E3730-E4BC-4E17-8616-4A9D4734E9FB}.AppStore|x64.Build.0 = Release|Any CPU
		{2C5E3730-E4BC-4E17-8616-4A9D4734E9FB}.AppStore|x86.ActiveCfg = Release|Any CPU
		{2C5E3730-E4BC-4E17-8616-4A9D4734E9FB}.AppStore|x86.Build.0 = Release|Any CPU
		{2C5E3730-E4BC-4E17-8616-4A9D4734E9FB}.Debug|Any CPU.ActiveCfg = Debug|Any CPU
		{2C5E3730-E4BC-4E17-8616-4A9D4734E9FB}.Debug|Any CPU.Build.0 = Debug|Any CPU
		{2C5E3730-E4BC-4E17-8616-4A9D4734E9FB}.Debug|ARM.ActiveCfg = Debug|Any CPU
		{2C5E3730-E4BC-4E17-8616-4A9D4734E9FB}.Debug|ARM.Build.0 = Debug|Any CPU
		{2C5E3730-E4BC-4E17-8616-4A9D4734E9FB}.Debug|iPhone.ActiveCfg = Debug|Any CPU
		{2C5E3730-E4BC-4E17-8616-4A9D4734E9FB}.Debug|iPhone.Build.0 = Debug|Any CPU
		{2C5E3730-E4BC-4E17-8616-4A9D4734E9FB}.Debug|iPhoneSimulator.ActiveCfg = Debug|Any CPU
		{2C5E3730-E4BC-4E17-8616-4A9D4734E9FB}.Debug|iPhoneSimulator.Build.0 = Debug|Any CPU
		{2C5E3730-E4BC-4E17-8616-4A9D4734E9FB}.Debug|x64.ActiveCfg = Debug|Any CPU
		{2C5E3730-E4BC-4E17-8616-4A9D4734E9FB}.Debug|x64.Build.0 = Debug|Any CPU
		{2C5E3730-E4BC-4E17-8616-4A9D4734E9FB}.Debug|x86.ActiveCfg = Debug|Any CPU
		{2C5E3730-E4BC-4E17-8616-4A9D4734E9FB}.Debug|x86.Build.0 = Debug|Any CPU
		{2C5E3730-E4BC-4E17-8616-4A9D4734E9FB}.Release|Any CPU.ActiveCfg = Release|Any CPU
		{2C5E3730-E4BC-4E17-8616-4A9D4734E9FB}.Release|Any CPU.Build.0 = Release|Any CPU
		{2C5E3730-E4BC-4E17-8616-4A9D4734E9FB}.Release|ARM.ActiveCfg = Release|Any CPU
		{2C5E3730-E4BC-4E17-8616-4A9D4734E9FB}.Release|ARM.Build.0 = Release|Any CPU
		{2C5E3730-E4BC-4E17-8616-4A9D4734E9FB}.Release|iPhone.ActiveCfg = Release|Any CPU
		{2C5E3730-E4BC-4E17-8616-4A9D4734E9FB}.Release|iPhone.Build.0 = Release|Any CPU
		{2C5E3730-E4BC-4E17-8616-4A9D4734E9FB}.Release|iPhoneSimulator.ActiveCfg = Release|Any CPU
		{2C5E3730-E4BC-4E17-8616-4A9D4734E9FB}.Release|iPhoneSimulator.Build.0 = Release|Any CPU
		{2C5E3730-E4BC-4E17-8616-4A9D4734E9FB}.Release|x64.ActiveCfg = Release|Any CPU
		{2C5E3730-E4BC-4E17-8616-4A9D4734E9FB}.Release|x64.Build.0 = Release|Any CPU
		{2C5E3730-E4BC-4E17-8616-4A9D4734E9FB}.Release|x86.ActiveCfg = Release|Any CPU
		{2C5E3730-E4BC-4E17-8616-4A9D4734E9FB}.Release|x86.Build.0 = Release|Any CPU
	EndGlobalSection
	GlobalSection(SolutionProperties) = preSolution
		HideSolutionNode = FALSE
	EndGlobalSection
EndGlobal
