
Microsoft Visual Studio Solution File, Format Version 12.00
# Visual Studio 14
VisualStudioVersion = 14.0.25123.0
MinimumVisualStudioVersion = 10.0.40219.1
Project("{FAE04EC0-301F-11D3-BF4B-00C04F79EFBC}") = "BusinessApp.Droid", "src\BusinessApp.Droid\BusinessApp.Droid.csproj", "{CAF44CE4-7CE6-4DC5-ABE1-6F0BE38B3D28}"
EndProject
Project("{FAE04EC0-301F-11D3-BF4B-00C04F79EFBC}") = "BusinessApp.WinPhone", "src\BusinessApp.WinPhone\BusinessApp.WinPhone.csproj", "{2D34B61E-5FC9-4154-9DC8-B3E8E2976709}"
EndProject
Project("{FAE04EC0-301F-11D3-BF4B-00C04F79EFBC}") = "BusinessApp.UWP", "src\BusinessApp.UWP\BusinessApp.UWP.csproj", "{917F947C-11C6-47E3-B213-387E5AAAF9E3}"
EndProject
Project("{FAE04EC0-301F-11D3-BF4B-00C04F79EFBC}") = "BusinessApp.Windows", "src\BusinessApp.Windows\BusinessApp.Windows.csproj", "{9107BA4A-65A2-4260-AE80-3FC6CCC12F3B}"
EndProject
Project("{FAE04EC0-301F-11D3-BF4B-00C04F79EFBC}") = "BusinessApp", "src\BusinessApp\BusinessApp.csproj", "{4925C51B-0161-41E5-A0B0-FC991EC5ABDF}"
EndProject
Project("{FAE04EC0-301F-11D3-BF4B-00C04F79EFBC}") = "BusinessApp.iOS", "src\BusinessApp.iOS\BusinessApp.iOS.csproj", "{B3BFBCBA-D37C-4E0D-B90D-DDCE6B33DFDC}"
EndProject
Global
	GlobalSection(SolutionConfigurationPlatforms) = preSolution
		Ad-Hoc|Any CPU = Ad-Hoc|Any CPU
		Ad-Hoc|ARM = Ad-Hoc|ARM
		Ad-Hoc|iPhone = Ad-Hoc|iPhone
		Ad-Hoc|iPhoneSimulator = Ad-Hoc|iPhoneSimulator
		Ad-Hoc|x64 = Ad-Hoc|x64
		Ad-Hoc|x86 = Ad-Hoc|x86
		AppStore|Any CPU = AppStore|Any CPU
		AppStore|ARM = AppStore|ARM
		AppStore|iPhone = AppStore|iPhone
		AppStore|iPhoneSimulator = AppStore|iPhoneSimulator
		AppStore|x64 = AppStore|x64
		AppStore|x86 = AppStore|x86
		Debug|Any CPU = Debug|Any CPU
		Debug|ARM = Debug|ARM
		Debug|iPhone = Debug|iPhone
		Debug|iPhoneSimulator = Debug|iPhoneSimulator
		Debug|x64 = Debug|x64
		Debug|x86 = Debug|x86
		Release|Any CPU = Release|Any CPU
		Release|ARM = Release|ARM
		Release|iPhone = Release|iPhone
		Release|iPhoneSimulator = Release|iPhoneSimulator
		Release|x64 = Release|x64
		Release|x86 = Release|x86
	EndGlobalSection
	GlobalSection(ProjectConfigurationPlatforms) = postSolution
		{CAF44CE4-7CE6-4DC5-ABE1-6F0BE38B3D28}.Ad-Hoc|Any CPU.ActiveCfg = Release|Any CPU
		{CAF44CE4-7CE6-4DC5-ABE1-6F0BE38B3D28}.Ad-Hoc|Any CPU.Build.0 = Release|Any CPU
		{CAF44CE4-7CE6-4DC5-ABE1-6F0BE38B3D28}.Ad-Hoc|Any CPU.Deploy.0 = Release|Any CPU
		{CAF44CE4-7CE6-4DC5-ABE1-6F0BE38B3D28}.Ad-Hoc|ARM.ActiveCfg = Release|Any CPU
		{CAF44CE4-7CE6-4DC5-ABE1-6F0BE38B3D28}.Ad-Hoc|ARM.Build.0 = Release|Any CPU
		{CAF44CE4-7CE6-4DC5-ABE1-6F0BE38B3D28}.Ad-Hoc|ARM.Deploy.0 = Release|Any CPU
		{CAF44CE4-7CE6-4DC5-ABE1-6F0BE38B3D28}.Ad-Hoc|iPhone.ActiveCfg = Release|Any CPU
		{CAF44CE4-7CE6-4DC5-ABE1-6F0BE38B3D28}.Ad-Hoc|iPhone.Build.0 = Release|Any CPU
		{CAF44CE4-7CE6-4DC5-ABE1-6F0BE38B3D28}.Ad-Hoc|iPhone.Deploy.0 = Release|Any CPU
		{CAF44CE4-7CE6-4DC5-ABE1-6F0BE38B3D28}.Ad-Hoc|iPhoneSimulator.ActiveCfg = Release|Any CPU
		{CAF44CE4-7CE6-4DC5-ABE1-6F0BE38B3D28}.Ad-Hoc|iPhoneSimulator.Build.0 = Release|Any CPU
		{CAF44CE4-7CE6-4DC5-ABE1-6F0BE38B3D28}.Ad-Hoc|iPhoneSimulator.Deploy.0 = Release|Any CPU
		{CAF44CE4-7CE6-4DC5-ABE1-6F0BE38B3D28}.Ad-Hoc|x64.ActiveCfg = Release|Any CPU
		{CAF44CE4-7CE6-4DC5-ABE1-6F0BE38B3D28}.Ad-Hoc|x64.Build.0 = Release|Any CPU
		{CAF44CE4-7CE6-4DC5-ABE1-6F0BE38B3D28}.Ad-Hoc|x64.Deploy.0 = Release|Any CPU
		{CAF44CE4-7CE6-4DC5-ABE1-6F0BE38B3D28}.Ad-Hoc|x86.ActiveCfg = Release|Any CPU
		{CAF44CE4-7CE6-4DC5-ABE1-6F0BE38B3D28}.Ad-Hoc|x86.Build.0 = Release|Any CPU
		{CAF44CE4-7CE6-4DC5-ABE1-6F0BE38B3D28}.Ad-Hoc|x86.Deploy.0 = Release|Any CPU
		{CAF44CE4-7CE6-4DC5-ABE1-6F0BE38B3D28}.AppStore|Any CPU.ActiveCfg = Release|Any CPU
		{CAF44CE4-7CE6-4DC5-ABE1-6F0BE38B3D28}.AppStore|Any CPU.Build.0 = Release|Any CPU
		{CAF44CE4-7CE6-4DC5-ABE1-6F0BE38B3D28}.AppStore|Any CPU.Deploy.0 = Release|Any CPU
		{CAF44CE4-7CE6-4DC5-ABE1-6F0BE38B3D28}.AppStore|ARM.ActiveCfg = Release|Any CPU
		{CAF44CE4-7CE6-4DC5-ABE1-6F0BE38B3D28}.AppStore|ARM.Build.0 = Release|Any CPU
		{CAF44CE4-7CE6-4DC5-ABE1-6F0BE38B3D28}.AppStore|ARM.Deploy.0 = Release|Any CPU
		{CAF44CE4-7CE6-4DC5-ABE1-6F0BE38B3D28}.AppStore|iPhone.ActiveCfg = Release|Any CPU
		{CAF44CE4-7CE6-4DC5-ABE1-6F0BE38B3D28}.AppStore|iPhone.Build.0 = Release|Any CPU
		{CAF44CE4-7CE6-4DC5-ABE1-6F0BE38B3D28}.AppStore|iPhone.Deploy.0 = Release|Any CPU
		{CAF44CE4-7CE6-4DC5-ABE1-6F0BE38B3D28}.AppStore|iPhoneSimulator.ActiveCfg = Release|Any CPU
		{CAF44CE4-7CE6-4DC5-ABE1-6F0BE38B3D28}.AppStore|iPhoneSimulator.Build.0 = Release|Any CPU
		{CAF44CE4-7CE6-4DC5-ABE1-6F0BE38B3D28}.AppStore|iPhoneSimulator.Deploy.0 = Release|Any CPU
		{CAF44CE4-7CE6-4DC5-ABE1-6F0BE38B3D28}.AppStore|x64.ActiveCfg = Release|Any CPU
		{CAF44CE4-7CE6-4DC5-ABE1-6F0BE38B3D28}.AppStore|x64.Build.0 = Release|Any CPU
		{CAF44CE4-7CE6-4DC5-ABE1-6F0BE38B3D28}.AppStore|x64.Deploy.0 = Release|Any CPU
		{CAF44CE4-7CE6-4DC5-ABE1-6F0BE38B3D28}.AppStore|x86.ActiveCfg = Release|Any CPU
		{CAF44CE4-7CE6-4DC5-ABE1-6F0BE38B3D28}.AppStore|x86.Build.0 = Release|Any CPU
		{CAF44CE4-7CE6-4DC5-ABE1-6F0BE38B3D28}.AppStore|x86.Deploy.0 = Release|Any CPU
		{CAF44CE4-7CE6-4DC5-ABE1-6F0BE38B3D28}.Debug|Any CPU.ActiveCfg = Debug|Any CPU
		{CAF44CE4-7CE6-4DC5-ABE1-6F0BE38B3D28}.Debug|Any CPU.Build.0 = Debug|Any CPU
		{CAF44CE4-7CE6-4DC5-ABE1-6F0BE38B3D28}.Debug|Any CPU.Deploy.0 = Debug|Any CPU
		{CAF44CE4-7CE6-4DC5-ABE1-6F0BE38B3D28}.Debug|ARM.ActiveCfg = Debug|Any CPU
		{CAF44CE4-7CE6-4DC5-ABE1-6F0BE38B3D28}.Debug|ARM.Build.0 = Debug|Any CPU
		{CAF44CE4-7CE6-4DC5-ABE1-6F0BE38B3D28}.Debug|ARM.Deploy.0 = Debug|Any CPU
		{CAF44CE4-7CE6-4DC5-ABE1-6F0BE38B3D28}.Debug|iPhone.ActiveCfg = Debug|Any CPU
		{CAF44CE4-7CE6-4DC5-ABE1-6F0BE38B3D28}.Debug|iPhone.Build.0 = Debug|Any CPU
		{CAF44CE4-7CE6-4DC5-ABE1-6F0BE38B3D28}.Debug|iPhone.Deploy.0 = Debug|Any CPU
		{CAF44CE4-7CE6-4DC5-ABE1-6F0BE38B3D28}.Debug|iPhoneSimulator.ActiveCfg = Debug|Any CPU
		{CAF44CE4-7CE6-4DC5-ABE1-6F0BE38B3D28}.Debug|iPhoneSimulator.Build.0 = Debug|Any CPU
		{CAF44CE4-7CE6-4DC5-ABE1-6F0BE38B3D28}.Debug|iPhoneSimulator.Deploy.0 = Debug|Any CPU
		{CAF44CE4-7CE6-4DC5-ABE1-6F0BE38B3D28}.Debug|x64.ActiveCfg = Debug|Any CPU
		{CAF44CE4-7CE6-4DC5-ABE1-6F0BE38B3D28}.Debug|x64.Build.0 = Debug|Any CPU
		{CAF44CE4-7CE6-4DC5-ABE1-6F0BE38B3D28}.Debug|x64.Deploy.0 = Debug|Any CPU
		{CAF44CE4-7CE6-4DC5-ABE1-6F0BE38B3D28}.Debug|x86.ActiveCfg = Debug|Any CPU
		{CAF44CE4-7CE6-4DC5-ABE1-6F0BE38B3D28}.Debug|x86.Build.0 = Debug|Any CPU
		{CAF44CE4-7CE6-4DC5-ABE1-6F0BE38B3D28}.Debug|x86.Deploy.0 = Debug|Any CPU
		{CAF44CE4-7CE6-4DC5-ABE1-6F0BE38B3D28}.Release|Any CPU.ActiveCfg = Release|Any CPU
		{CAF44CE4-7CE6-4DC5-ABE1-6F0BE38B3D28}.Release|Any CPU.Build.0 = Release|Any CPU
		{CAF44CE4-7CE6-4DC5-ABE1-6F0BE38B3D28}.Release|Any CPU.Deploy.0 = Release|Any CPU
		{CAF44CE4-7CE6-4DC5-ABE1-6F0BE38B3D28}.Release|ARM.ActiveCfg = Release|Any CPU
		{CAF44CE4-7CE6-4DC5-ABE1-6F0BE38B3D28}.Release|ARM.Build.0 = Release|Any CPU
		{CAF44CE4-7CE6-4DC5-ABE1-6F0BE38B3D28}.Release|ARM.Deploy.0 = Release|Any CPU
		{CAF44CE4-7CE6-4DC5-ABE1-6F0BE38B3D28}.Release|iPhone.ActiveCfg = Release|Any CPU
		{CAF44CE4-7CE6-4DC5-ABE1-6F0BE38B3D28}.Release|iPhone.Build.0 = Release|Any CPU
		{CAF44CE4-7CE6-4DC5-ABE1-6F0BE38B3D28}.Release|iPhone.Deploy.0 = Release|Any CPU
		{CAF44CE4-7CE6-4DC5-ABE1-6F0BE38B3D28}.Release|iPhoneSimulator.ActiveCfg = Release|Any CPU
		{CAF44CE4-7CE6-4DC5-ABE1-6F0BE38B3D28}.Release|iPhoneSimulator.Build.0 = Release|Any CPU
		{CAF44CE4-7CE6-4DC5-ABE1-6F0BE38B3D28}.Release|iPhoneSimulator.Deploy.0 = Release|Any CPU
		{CAF44CE4-7CE6-4DC5-ABE1-6F0BE38B3D28}.Release|x64.ActiveCfg = Release|Any CPU
		{CAF44CE4-7CE6-4DC5-ABE1-6F0BE38B3D28}.Release|x64.Build.0 = Release|Any CPU
		{CAF44CE4-7CE6-4DC5-ABE1-6F0BE38B3D28}.Release|x64.Deploy.0 = Release|Any CPU
		{CAF44CE4-7CE6-4DC5-ABE1-6F0BE38B3D28}.Release|x86.ActiveCfg = Release|Any CPU
		{CAF44CE4-7CE6-4DC5-ABE1-6F0BE38B3D28}.Release|x86.Build.0 = Release|Any CPU
		{CAF44CE4-7CE6-4DC5-ABE1-6F0BE38B3D28}.Release|x86.Deploy.0 = Release|Any CPU
		{2D34B61E-5FC9-4154-9DC8-B3E8E2976709}.Ad-Hoc|Any CPU.ActiveCfg = Release|Any CPU
		{2D34B61E-5FC9-4154-9DC8-B3E8E2976709}.Ad-Hoc|Any CPU.Build.0 = Release|Any CPU
		{2D34B61E-5FC9-4154-9DC8-B3E8E2976709}.Ad-Hoc|Any CPU.Deploy.0 = Release|Any CPU
		{2D34B61E-5FC9-4154-9DC8-B3E8E2976709}.Ad-Hoc|ARM.ActiveCfg = Release|ARM
		{2D34B61E-5FC9-4154-9DC8-B3E8E2976709}.Ad-Hoc|ARM.Build.0 = Release|ARM
		{2D34B61E-5FC9-4154-9DC8-B3E8E2976709}.Ad-Hoc|ARM.Deploy.0 = Release|ARM
		{2D34B61E-5FC9-4154-9DC8-B3E8E2976709}.Ad-Hoc|iPhone.ActiveCfg = Release|Any CPU
		{2D34B61E-5FC9-4154-9DC8-B3E8E2976709}.Ad-Hoc|iPhone.Build.0 = Release|Any CPU
		{2D34B61E-5FC9-4154-9DC8-B3E8E2976709}.Ad-Hoc|iPhone.Deploy.0 = Release|Any CPU
		{2D34B61E-5FC9-4154-9DC8-B3E8E2976709}.Ad-Hoc|iPhoneSimulator.ActiveCfg = Release|Any CPU
		{2D34B61E-5FC9-4154-9DC8-B3E8E2976709}.Ad-Hoc|iPhoneSimulator.Build.0 = Release|Any CPU
		{2D34B61E-5FC9-4154-9DC8-B3E8E2976709}.Ad-Hoc|iPhoneSimulator.Deploy.0 = Release|Any CPU
		{2D34B61E-5FC9-4154-9DC8-B3E8E2976709}.Ad-Hoc|x64.ActiveCfg = Release|Any CPU
		{2D34B61E-5FC9-4154-9DC8-B3E8E2976709}.Ad-Hoc|x64.Build.0 = Release|Any CPU
		{2D34B61E-5FC9-4154-9DC8-B3E8E2976709}.Ad-Hoc|x64.Deploy.0 = Release|Any CPU
		{2D34B61E-5FC9-4154-9DC8-B3E8E2976709}.Ad-Hoc|x86.ActiveCfg = Release|x86
		{2D34B61E-5FC9-4154-9DC8-B3E8E2976709}.Ad-Hoc|x86.Build.0 = Release|x86
		{2D34B61E-5FC9-4154-9DC8-B3E8E2976709}.Ad-Hoc|x86.Deploy.0 = Release|x86
		{2D34B61E-5FC9-4154-9DC8-B3E8E2976709}.AppStore|Any CPU.ActiveCfg = Release|Any CPU
		{2D34B61E-5FC9-4154-9DC8-B3E8E2976709}.AppStore|Any CPU.Build.0 = Release|Any CPU
		{2D34B61E-5FC9-4154-9DC8-B3E8E2976709}.AppStore|Any CPU.Deploy.0 = Release|Any CPU
		{2D34B61E-5FC9-4154-9DC8-B3E8E2976709}.AppStore|ARM.ActiveCfg = Release|ARM
		{2D34B61E-5FC9-4154-9DC8-B3E8E2976709}.AppStore|ARM.Build.0 = Release|ARM
		{2D34B61E-5FC9-4154-9DC8-B3E8E2976709}.AppStore|ARM.Deploy.0 = Release|ARM
		{2D34B61E-5FC9-4154-9DC8-B3E8E2976709}.AppStore|iPhone.ActiveCfg = Release|Any CPU
		{2D34B61E-5FC9-4154-9DC8-B3E8E2976709}.AppStore|iPhone.Build.0 = Release|Any CPU
		{2D34B61E-5FC9-4154-9DC8-B3E8E2976709}.AppStore|iPhone.Deploy.0 = Release|Any CPU
		{2D34B61E-5FC9-4154-9DC8-B3E8E2976709}.AppStore|iPhoneSimulator.ActiveCfg = Release|Any CPU
		{2D34B61E-5FC9-4154-9DC8-B3E8E2976709}.AppStore|iPhoneSimulator.Build.0 = Release|Any CPU
		{2D34B61E-5FC9-4154-9DC8-B3E8E2976709}.AppStore|iPhoneSimulator.Deploy.0 = Release|Any CPU
		{2D34B61E-5FC9-4154-9DC8-B3E8E2976709}.AppStore|x64.ActiveCfg = Release|Any CPU
		{2D34B61E-5FC9-4154-9DC8-B3E8E2976709}.AppStore|x64.Build.0 = Release|Any CPU
		{2D34B61E-5FC9-4154-9DC8-B3E8E2976709}.AppStore|x64.Deploy.0 = Release|Any CPU
		{2D34B61E-5FC9-4154-9DC8-B3E8E2976709}.AppStore|x86.ActiveCfg = Release|x86
		{2D34B61E-5FC9-4154-9DC8-B3E8E2976709}.AppStore|x86.Build.0 = Release|x86
		{2D34B61E-5FC9-4154-9DC8-B3E8E2976709}.AppStore|x86.Deploy.0 = Release|x86
		{2D34B61E-5FC9-4154-9DC8-B3E8E2976709}.Debug|Any CPU.ActiveCfg = Debug|Any CPU
		{2D34B61E-5FC9-4154-9DC8-B3E8E2976709}.Debug|Any CPU.Build.0 = Debug|Any CPU
		{2D34B61E-5FC9-4154-9DC8-B3E8E2976709}.Debug|Any CPU.Deploy.0 = Debug|Any CPU
		{2D34B61E-5FC9-4154-9DC8-B3E8E2976709}.Debug|ARM.ActiveCfg = Debug|ARM
		{2D34B61E-5FC9-4154-9DC8-B3E8E2976709}.Debug|ARM.Build.0 = Debug|ARM
		{2D34B61E-5FC9-4154-9DC8-B3E8E2976709}.Debug|ARM.Deploy.0 = Debug|ARM
		{2D34B61E-5FC9-4154-9DC8-B3E8E2976709}.Debug|iPhone.ActiveCfg = Debug|Any CPU
		{2D34B61E-5FC9-4154-9DC8-B3E8E2976709}.Debug|iPhone.Build.0 = Debug|Any CPU
		{2D34B61E-5FC9-4154-9DC8-B3E8E2976709}.Debug|iPhone.Deploy.0 = Debug|Any CPU
		{2D34B61E-5FC9-4154-9DC8-B3E8E2976709}.Debug|iPhoneSimulator.ActiveCfg = Debug|Any CPU
		{2D34B61E-5FC9-4154-9DC8-B3E8E2976709}.Debug|iPhoneSimulator.Build.0 = Debug|Any CPU
		{2D34B61E-5FC9-4154-9DC8-B3E8E2976709}.Debug|iPhoneSimulator.Deploy.0 = Debug|Any CPU
		{2D34B61E-5FC9-4154-9DC8-B3E8E2976709}.Debug|x64.ActiveCfg = Debug|Any CPU
		{2D34B61E-5FC9-4154-9DC8-B3E8E2976709}.Debug|x64.Build.0 = Debug|Any CPU
		{2D34B61E-5FC9-4154-9DC8-B3E8E2976709}.Debug|x64.Deploy.0 = Debug|Any CPU
		{2D34B61E-5FC9-4154-9DC8-B3E8E2976709}.Debug|x86.ActiveCfg = Debug|x86
		{2D34B61E-5FC9-4154-9DC8-B3E8E2976709}.Debug|x86.Build.0 = Debug|x86
		{2D34B61E-5FC9-4154-9DC8-B3E8E2976709}.Debug|x86.Deploy.0 = Debug|x86
		{2D34B61E-5FC9-4154-9DC8-B3E8E2976709}.Release|Any CPU.ActiveCfg = Release|Any CPU
		{2D34B61E-5FC9-4154-9DC8-B3E8E2976709}.Release|Any CPU.Build.0 = Release|Any CPU
		{2D34B61E-5FC9-4154-9DC8-B3E8E2976709}.Release|Any CPU.Deploy.0 = Release|Any CPU
		{2D34B61E-5FC9-4154-9DC8-B3E8E2976709}.Release|ARM.ActiveCfg = Release|ARM
		{2D34B61E-5FC9-4154-9DC8-B3E8E2976709}.Release|ARM.Build.0 = Release|ARM
		{2D34B61E-5FC9-4154-9DC8-B3E8E2976709}.Release|ARM.Deploy.0 = Release|ARM
		{2D34B61E-5FC9-4154-9DC8-B3E8E2976709}.Release|iPhone.ActiveCfg = Release|Any CPU
		{2D34B61E-5FC9-4154-9DC8-B3E8E2976709}.Release|iPhone.Build.0 = Release|Any CPU
		{2D34B61E-5FC9-4154-9DC8-B3E8E2976709}.Release|iPhone.Deploy.0 = Release|Any CPU
		{2D34B61E-5FC9-4154-9DC8-B3E8E2976709}.Release|iPhoneSimulator.ActiveCfg = Release|Any CPU
		{2D34B61E-5FC9-4154-9DC8-B3E8E2976709}.Release|iPhoneSimulator.Build.0 = Release|Any CPU
		{2D34B61E-5FC9-4154-9DC8-B3E8E2976709}.Release|iPhoneSimulator.Deploy.0 = Release|Any CPU
		{2D34B61E-5FC9-4154-9DC8-B3E8E2976709}.Release|x64.ActiveCfg = Release|Any CPU
		{2D34B61E-5FC9-4154-9DC8-B3E8E2976709}.Release|x64.Build.0 = Release|Any CPU
		{2D34B61E-5FC9-4154-9DC8-B3E8E2976709}.Release|x64.Deploy.0 = Release|Any CPU
		{2D34B61E-5FC9-4154-9DC8-B3E8E2976709}.Release|x86.ActiveCfg = Release|x86
		{2D34B61E-5FC9-4154-9DC8-B3E8E2976709}.Release|x86.Build.0 = Release|x86
		{2D34B61E-5FC9-4154-9DC8-B3E8E2976709}.Release|x86.Deploy.0 = Release|x86
		{917F947C-11C6-47E3-B213-387E5AAAF9E3}.Ad-Hoc|Any CPU.ActiveCfg = Release|x86
		{917F947C-11C6-47E3-B213-387E5AAAF9E3}.Ad-Hoc|Any CPU.Build.0 = Release|x86
		{917F947C-11C6-47E3-B213-387E5AAAF9E3}.Ad-Hoc|Any CPU.Deploy.0 = Release|x86
		{917F947C-11C6-47E3-B213-387E5AAAF9E3}.Ad-Hoc|ARM.ActiveCfg = Release|ARM
		{917F947C-11C6-47E3-B213-387E5AAAF9E3}.Ad-Hoc|ARM.Build.0 = Release|ARM
		{917F947C-11C6-47E3-B213-387E5AAAF9E3}.Ad-Hoc|ARM.Deploy.0 = Release|ARM
		{917F947C-11C6-47E3-B213-387E5AAAF9E3}.Ad-Hoc|iPhone.ActiveCfg = Release|x86
		{917F947C-11C6-47E3-B213-387E5AAAF9E3}.Ad-Hoc|iPhone.Build.0 = Release|x86
		{917F947C-11C6-47E3-B213-387E5AAAF9E3}.Ad-Hoc|iPhone.Deploy.0 = Release|x86
		{917F947C-11C6-47E3-B213-387E5AAAF9E3}.Ad-Hoc|iPhoneSimulator.ActiveCfg = Release|x86
		{917F947C-11C6-47E3-B213-387E5AAAF9E3}.Ad-Hoc|iPhoneSimulator.Build.0 = Release|x86
		{917F947C-11C6-47E3-B213-387E5AAAF9E3}.Ad-Hoc|iPhoneSimulator.Deploy.0 = Release|x86
		{917F947C-11C6-47E3-B213-387E5AAAF9E3}.Ad-Hoc|x64.ActiveCfg = Release|x64
		{917F947C-11C6-47E3-B213-387E5AAAF9E3}.Ad-Hoc|x64.Build.0 = Release|x64
		{917F947C-11C6-47E3-B213-387E5AAAF9E3}.Ad-Hoc|x64.Deploy.0 = Release|x64
		{917F947C-11C6-47E3-B213-387E5AAAF9E3}.Ad-Hoc|x86.ActiveCfg = Release|x86
		{917F947C-11C6-47E3-B213-387E5AAAF9E3}.Ad-Hoc|x86.Build.0 = Release|x86
		{917F947C-11C6-47E3-B213-387E5AAAF9E3}.Ad-Hoc|x86.Deploy.0 = Release|x86
		{917F947C-11C6-47E3-B213-387E5AAAF9E3}.AppStore|Any CPU.ActiveCfg = Release|x86
		{917F947C-11C6-47E3-B213-387E5AAAF9E3}.AppStore|Any CPU.Build.0 = Release|x86
		{917F947C-11C6-47E3-B213-387E5AAAF9E3}.AppStore|Any CPU.Deploy.0 = Release|x86
		{917F947C-11C6-47E3-B213-387E5AAAF9E3}.AppStore|ARM.ActiveCfg = Release|ARM
		{917F947C-11C6-47E3-B213-387E5AAAF9E3}.AppStore|ARM.Build.0 = Release|ARM
		{917F947C-11C6-47E3-B213-387E5AAAF9E3}.AppStore|ARM.Deploy.0 = Release|ARM
		{917F947C-11C6-47E3-B213-387E5AAAF9E3}.AppStore|iPhone.ActiveCfg = Release|x86
		{917F947C-11C6-47E3-B213-387E5AAAF9E3}.AppStore|iPhone.Build.0 = Release|x86
		{917F947C-11C6-47E3-B213-387E5AAAF9E3}.AppStore|iPhone.Deploy.0 = Release|x86
		{917F947C-11C6-47E3-B213-387E5AAAF9E3}.AppStore|iPhoneSimulator.ActiveCfg = Release|x86
		{917F947C-11C6-47E3-B213-387E5AAAF9E3}.AppStore|iPhoneSimulator.Build.0 = Release|x86
		{917F947C-11C6-47E3-B213-387E5AAAF9E3}.AppStore|iPhoneSimulator.Deploy.0 = Release|x86
		{917F947C-11C6-47E3-B213-387E5AAAF9E3}.AppStore|x64.ActiveCfg = Release|x64
		{917F947C-11C6-47E3-B213-387E5AAAF9E3}.AppStore|x64.Build.0 = Release|x64
		{917F947C-11C6-47E3-B213-387E5AAAF9E3}.AppStore|x64.Deploy.0 = Release|x64
		{917F947C-11C6-47E3-B213-387E5AAAF9E3}.AppStore|x86.ActiveCfg = Release|x86
		{917F947C-11C6-47E3-B213-387E5AAAF9E3}.AppStore|x86.Build.0 = Release|x86
		{917F947C-11C6-47E3-B213-387E5AAAF9E3}.AppStore|x86.Deploy.0 = Release|x86
		{917F947C-11C6-47E3-B213-387E5AAAF9E3}.Debug|Any CPU.ActiveCfg = Debug|x86
		{917F947C-11C6-47E3-B213-387E5AAAF9E3}.Debug|ARM.ActiveCfg = Debug|ARM
		{917F947C-11C6-47E3-B213-387E5AAAF9E3}.Debug|ARM.Build.0 = Debug|ARM
		{917F947C-11C6-47E3-B213-387E5AAAF9E3}.Debug|ARM.Deploy.0 = Debug|ARM
		{917F947C-11C6-47E3-B213-387E5AAAF9E3}.Debug|iPhone.ActiveCfg = Debug|x86
		{917F947C-11C6-47E3-B213-387E5AAAF9E3}.Debug|iPhoneSimulator.ActiveCfg = Debug|x86
		{917F947C-11C6-47E3-B213-387E5AAAF9E3}.Debug|x64.ActiveCfg = Debug|x64
		{917F947C-11C6-47E3-B213-387E5AAAF9E3}.Debug|x64.Build.0 = Debug|x64
		{917F947C-11C6-47E3-B213-387E5AAAF9E3}.Debug|x64.Deploy.0 = Debug|x64
		{917F947C-11C6-47E3-B213-387E5AAAF9E3}.Debug|x86.ActiveCfg = Debug|x86
		{917F947C-11C6-47E3-B213-387E5AAAF9E3}.Debug|x86.Build.0 = Debug|x86
		{917F947C-11C6-47E3-B213-387E5AAAF9E3}.Debug|x86.Deploy.0 = Debug|x86
		{917F947C-11C6-47E3-B213-387E5AAAF9E3}.Release|Any CPU.ActiveCfg = Release|x86
		{917F947C-11C6-47E3-B213-387E5AAAF9E3}.Release|ARM.ActiveCfg = Release|ARM
		{917F947C-11C6-47E3-B213-387E5AAAF9E3}.Release|ARM.Build.0 = Release|ARM
		{917F947C-11C6-47E3-B213-387E5AAAF9E3}.Release|ARM.Deploy.0 = Release|ARM
		{917F947C-11C6-47E3-B213-387E5AAAF9E3}.Release|iPhone.ActiveCfg = Release|x86
		{917F947C-11C6-47E3-B213-387E5AAAF9E3}.Release|iPhoneSimulator.ActiveCfg = Release|x86
		{917F947C-11C6-47E3-B213-387E5AAAF9E3}.Release|x64.ActiveCfg = Release|x64
		{917F947C-11C6-47E3-B213-387E5AAAF9E3}.Release|x64.Build.0 = Release|x64
		{917F947C-11C6-47E3-B213-387E5AAAF9E3}.Release|x64.Deploy.0 = Release|x64
		{917F947C-11C6-47E3-B213-387E5AAAF9E3}.Release|x86.ActiveCfg = Release|x86
		{917F947C-11C6-47E3-B213-387E5AAAF9E3}.Release|x86.Build.0 = Release|x86
		{917F947C-11C6-47E3-B213-387E5AAAF9E3}.Release|x86.Deploy.0 = Release|x86
		{9107BA4A-65A2-4260-AE80-3FC6CCC12F3B}.Ad-Hoc|Any CPU.ActiveCfg = Release|Any CPU
		{9107BA4A-65A2-4260-AE80-3FC6CCC12F3B}.Ad-Hoc|Any CPU.Build.0 = Release|Any CPU
		{9107BA4A-65A2-4260-AE80-3FC6CCC12F3B}.Ad-Hoc|Any CPU.Deploy.0 = Release|Any CPU
		{9107BA4A-65A2-4260-AE80-3FC6CCC12F3B}.Ad-Hoc|ARM.ActiveCfg = Release|ARM
		{9107BA4A-65A2-4260-AE80-3FC6CCC12F3B}.Ad-Hoc|ARM.Build.0 = Release|ARM
		{9107BA4A-65A2-4260-AE80-3FC6CCC12F3B}.Ad-Hoc|ARM.Deploy.0 = Release|ARM
		{9107BA4A-65A2-4260-AE80-3FC6CCC12F3B}.Ad-Hoc|iPhone.ActiveCfg = Release|Any CPU
		{9107BA4A-65A2-4260-AE80-3FC6CCC12F3B}.Ad-Hoc|iPhone.Build.0 = Release|Any CPU
		{9107BA4A-65A2-4260-AE80-3FC6CCC12F3B}.Ad-Hoc|iPhone.Deploy.0 = Release|Any CPU
		{9107BA4A-65A2-4260-AE80-3FC6CCC12F3B}.Ad-Hoc|iPhoneSimulator.ActiveCfg = Release|Any CPU
		{9107BA4A-65A2-4260-AE80-3FC6CCC12F3B}.Ad-Hoc|iPhoneSimulator.Build.0 = Release|Any CPU
		{9107BA4A-65A2-4260-AE80-3FC6CCC12F3B}.Ad-Hoc|iPhoneSimulator.Deploy.0 = Release|Any CPU
		{9107BA4A-65A2-4260-AE80-3FC6CCC12F3B}.Ad-Hoc|x64.ActiveCfg = Release|x64
		{9107BA4A-65A2-4260-AE80-3FC6CCC12F3B}.Ad-Hoc|x64.Build.0 = Release|x64
		{9107BA4A-65A2-4260-AE80-3FC6CCC12F3B}.Ad-Hoc|x64.Deploy.0 = Release|x64
		{9107BA4A-65A2-4260-AE80-3FC6CCC12F3B}.Ad-Hoc|x86.ActiveCfg = Release|x86
		{9107BA4A-65A2-4260-AE80-3FC6CCC12F3B}.Ad-Hoc|x86.Build.0 = Release|x86
		{9107BA4A-65A2-4260-AE80-3FC6CCC12F3B}.Ad-Hoc|x86.Deploy.0 = Release|x86
		{9107BA4A-65A2-4260-AE80-3FC6CCC12F3B}.AppStore|Any CPU.ActiveCfg = Release|Any CPU
		{9107BA4A-65A2-4260-AE80-3FC6CCC12F3B}.AppStore|Any CPU.Build.0 = Release|Any CPU
		{9107BA4A-65A2-4260-AE80-3FC6CCC12F3B}.AppStore|Any CPU.Deploy.0 = Release|Any CPU
		{9107BA4A-65A2-4260-AE80-3FC6CCC12F3B}.AppStore|ARM.ActiveCfg = Release|ARM
		{9107BA4A-65A2-4260-AE80-3FC6CCC12F3B}.AppStore|ARM.Build.0 = Release|ARM
		{9107BA4A-65A2-4260-AE80-3FC6CCC12F3B}.AppStore|ARM.Deploy.0 = Release|ARM
		{9107BA4A-65A2-4260-AE80-3FC6CCC12F3B}.AppStore|iPhone.ActiveCfg = Release|Any CPU
		{9107BA4A-65A2-4260-AE80-3FC6CCC12F3B}.AppStore|iPhone.Build.0 = Release|Any CPU
		{9107BA4A-65A2-4260-AE80-3FC6CCC12F3B}.AppStore|iPhone.Deploy.0 = Release|Any CPU
		{9107BA4A-65A2-4260-AE80-3FC6CCC12F3B}.AppStore|iPhoneSimulator.ActiveCfg = Release|Any CPU
		{9107BA4A-65A2-4260-AE80-3FC6CCC12F3B}.AppStore|iPhoneSimulator.Build.0 = Release|Any CPU
		{9107BA4A-65A2-4260-AE80-3FC6CCC12F3B}.AppStore|iPhoneSimulator.Deploy.0 = Release|Any CPU
		{9107BA4A-65A2-4260-AE80-3FC6CCC12F3B}.AppStore|x64.ActiveCfg = Release|x64
		{9107BA4A-65A2-4260-AE80-3FC6CCC12F3B}.AppStore|x64.Build.0 = Release|x64
		{9107BA4A-65A2-4260-AE80-3FC6CCC12F3B}.AppStore|x64.Deploy.0 = Release|x64
		{9107BA4A-65A2-4260-AE80-3FC6CCC12F3B}.AppStore|x86.ActiveCfg = Release|x86
		{9107BA4A-65A2-4260-AE80-3FC6CCC12F3B}.AppStore|x86.Build.0 = Release|x86
		{9107BA4A-65A2-4260-AE80-3FC6CCC12F3B}.AppStore|x86.Deploy.0 = Release|x86
		{9107BA4A-65A2-4260-AE80-3FC6CCC12F3B}.Debug|Any CPU.ActiveCfg = Debug|Any CPU
		{9107BA4A-65A2-4260-AE80-3FC6CCC12F3B}.Debug|Any CPU.Build.0 = Debug|Any CPU
		{9107BA4A-65A2-4260-AE80-3FC6CCC12F3B}.Debug|Any CPU.Deploy.0 = Debug|Any CPU
		{9107BA4A-65A2-4260-AE80-3FC6CCC12F3B}.Debug|ARM.ActiveCfg = Debug|ARM
		{9107BA4A-65A2-4260-AE80-3FC6CCC12F3B}.Debug|ARM.Build.0 = Debug|ARM
		{9107BA4A-65A2-4260-AE80-3FC6CCC12F3B}.Debug|ARM.Deploy.0 = Debug|ARM
		{9107BA4A-65A2-4260-AE80-3FC6CCC12F3B}.Debug|iPhone.ActiveCfg = Debug|Any CPU
		{9107BA4A-65A2-4260-AE80-3FC6CCC12F3B}.Debug|iPhone.Build.0 = Debug|Any CPU
		{9107BA4A-65A2-4260-AE80-3FC6CCC12F3B}.Debug|iPhone.Deploy.0 = Debug|Any CPU
		{9107BA4A-65A2-4260-AE80-3FC6CCC12F3B}.Debug|iPhoneSimulator.ActiveCfg = Debug|Any CPU
		{9107BA4A-65A2-4260-AE80-3FC6CCC12F3B}.Debug|iPhoneSimulator.Build.0 = Debug|Any CPU
		{9107BA4A-65A2-4260-AE80-3FC6CCC12F3B}.Debug|iPhoneSimulator.Deploy.0 = Debug|Any CPU
		{9107BA4A-65A2-4260-AE80-3FC6CCC12F3B}.Debug|x64.ActiveCfg = Debug|x64
		{9107BA4A-65A2-4260-AE80-3FC6CCC12F3B}.Debug|x64.Build.0 = Debug|x64
		{9107BA4A-65A2-4260-AE80-3FC6CCC12F3B}.Debug|x64.Deploy.0 = Debug|x64
		{9107BA4A-65A2-4260-AE80-3FC6CCC12F3B}.Debug|x86.ActiveCfg = Debug|x86
		{9107BA4A-65A2-4260-AE80-3FC6CCC12F3B}.Debug|x86.Build.0 = Debug|x86
		{9107BA4A-65A2-4260-AE80-3FC6CCC12F3B}.Debug|x86.Deploy.0 = Debug|x86
		{9107BA4A-65A2-4260-AE80-3FC6CCC12F3B}.Release|Any CPU.ActiveCfg = Release|Any CPU
		{9107BA4A-65A2-4260-AE80-3FC6CCC12F3B}.Release|Any CPU.Build.0 = Release|Any CPU
		{9107BA4A-65A2-4260-AE80-3FC6CCC12F3B}.Release|Any CPU.Deploy.0 = Release|Any CPU
		{9107BA4A-65A2-4260-AE80-3FC6CCC12F3B}.Release|ARM.ActiveCfg = Release|ARM
		{9107BA4A-65A2-4260-AE80-3FC6CCC12F3B}.Release|ARM.Build.0 = Release|ARM
		{9107BA4A-65A2-4260-AE80-3FC6CCC12F3B}.Release|ARM.Deploy.0 = Release|ARM
		{9107BA4A-65A2-4260-AE80-3FC6CCC12F3B}.Release|iPhone.ActiveCfg = Release|Any CPU
		{9107BA4A-65A2-4260-AE80-3FC6CCC12F3B}.Release|iPhone.Build.0 = Release|Any CPU
		{9107BA4A-65A2-4260-AE80-3FC6CCC12F3B}.Release|iPhone.Deploy.0 = Release|Any CPU
		{9107BA4A-65A2-4260-AE80-3FC6CCC12F3B}.Release|iPhoneSimulator.ActiveCfg = Release|Any CPU
		{9107BA4A-65A2-4260-AE80-3FC6CCC12F3B}.Release|iPhoneSimulator.Build.0 = Release|Any CPU
		{9107BA4A-65A2-4260-AE80-3FC6CCC12F3B}.Release|iPhoneSimulator.Deploy.0 = Release|Any CPU
		{9107BA4A-65A2-4260-AE80-3FC6CCC12F3B}.Release|x64.ActiveCfg = Release|x64
		{9107BA4A-65A2-4260-AE80-3FC6CCC12F3B}.Release|x64.Build.0 = Release|x64
		{9107BA4A-65A2-4260-AE80-3FC6CCC12F3B}.Release|x64.Deploy.0 = Release|x64
		{9107BA4A-65A2-4260-AE80-3FC6CCC12F3B}.Release|x86.ActiveCfg = Release|x86
		{9107BA4A-65A2-4260-AE80-3FC6CCC12F3B}.Release|x86.Build.0 = Release|x86
		{9107BA4A-65A2-4260-AE80-3FC6CCC12F3B}.Release|x86.Deploy.0 = Release|x86
		{4925C51B-0161-41E5-A0B0-FC991EC5ABDF}.Ad-Hoc|Any CPU.ActiveCfg = Release|Any CPU
		{4925C51B-0161-41E5-A0B0-FC991EC5ABDF}.Ad-Hoc|Any CPU.Build.0 = Release|Any CPU
		{4925C51B-0161-41E5-A0B0-FC991EC5ABDF}.Ad-Hoc|ARM.ActiveCfg = Release|Any CPU
		{4925C51B-0161-41E5-A0B0-FC991EC5ABDF}.Ad-Hoc|ARM.Build.0 = Release|Any CPU
		{4925C51B-0161-41E5-A0B0-FC991EC5ABDF}.Ad-Hoc|iPhone.ActiveCfg = Release|Any CPU
		{4925C51B-0161-41E5-A0B0-FC991EC5ABDF}.Ad-Hoc|iPhone.Build.0 = Release|Any CPU
		{4925C51B-0161-41E5-A0B0-FC991EC5ABDF}.Ad-Hoc|iPhoneSimulator.ActiveCfg = Release|Any CPU
		{4925C51B-0161-41E5-A0B0-FC991EC5ABDF}.Ad-Hoc|iPhoneSimulator.Build.0 = Release|Any CPU
		{4925C51B-0161-41E5-A0B0-FC991EC5ABDF}.Ad-Hoc|x64.ActiveCfg = Release|Any CPU
		{4925C51B-0161-41E5-A0B0-FC991EC5ABDF}.Ad-Hoc|x64.Build.0 = Release|Any CPU
		{4925C51B-0161-41E5-A0B0-FC991EC5ABDF}.Ad-Hoc|x86.ActiveCfg = Release|Any CPU
		{4925C51B-0161-41E5-A0B0-FC991EC5ABDF}.Ad-Hoc|x86.Build.0 = Release|Any CPU
		{4925C51B-0161-41E5-A0B0-FC991EC5ABDF}.AppStore|Any CPU.ActiveCfg = Release|Any CPU
		{4925C51B-0161-41E5-A0B0-FC991EC5ABDF}.AppStore|Any CPU.Build.0 = Release|Any CPU
		{4925C51B-0161-41E5-A0B0-FC991EC5ABDF}.AppStore|ARM.ActiveCfg = Release|Any CPU
		{4925C51B-0161-41E5-A0B0-FC991EC5ABDF}.AppStore|ARM.Build.0 = Release|Any CPU
		{4925C51B-0161-41E5-A0B0-FC991EC5ABDF}.AppStore|iPhone.ActiveCfg = Release|Any CPU
		{4925C51B-0161-41E5-A0B0-FC991EC5ABDF}.AppStore|iPhone.Build.0 = Release|Any CPU
		{4925C51B-0161-41E5-A0B0-FC991EC5ABDF}.AppStore|iPhoneSimulator.ActiveCfg = Release|Any CPU
		{4925C51B-0161-41E5-A0B0-FC991EC5ABDF}.AppStore|iPhoneSimulator.Build.0 = Release|Any CPU
		{4925C51B-0161-41E5-A0B0-FC991EC5ABDF}.AppStore|x64.ActiveCfg = Release|Any CPU
		{4925C51B-0161-41E5-A0B0-FC991EC5ABDF}.AppStore|x64.Build.0 = Release|Any CPU
		{4925C51B-0161-41E5-A0B0-FC991EC5ABDF}.AppStore|x86.ActiveCfg = Release|Any CPU
		{4925C51B-0161-41E5-A0B0-FC991EC5ABDF}.AppStore|x86.Build.0 = Release|Any CPU
		{4925C51B-0161-41E5-A0B0-FC991EC5ABDF}.Debug|Any CPU.ActiveCfg = Debug|Any CPU
		{4925C51B-0161-41E5-A0B0-FC991EC5ABDF}.Debug|Any CPU.Build.0 = Debug|Any CPU
		{4925C51B-0161-41E5-A0B0-FC991EC5ABDF}.Debug|ARM.ActiveCfg = Debug|Any CPU
		{4925C51B-0161-41E5-A0B0-FC991EC5ABDF}.Debug|ARM.Build.0 = Debug|Any CPU
		{4925C51B-0161-41E5-A0B0-FC991EC5ABDF}.Debug|iPhone.ActiveCfg = Debug|Any CPU
		{4925C51B-0161-41E5-A0B0-FC991EC5ABDF}.Debug|iPhone.Build.0 = Debug|Any CPU
		{4925C51B-0161-41E5-A0B0-FC991EC5ABDF}.Debug|iPhoneSimulator.ActiveCfg = Debug|Any CPU
		{4925C51B-0161-41E5-A0B0-FC991EC5ABDF}.Debug|iPhoneSimulator.Build.0 = Debug|Any CPU
		{4925C51B-0161-41E5-A0B0-FC991EC5ABDF}.Debug|x64.ActiveCfg = Debug|Any CPU
		{4925C51B-0161-41E5-A0B0-FC991EC5ABDF}.Debug|x64.Build.0 = Debug|Any CPU
		{4925C51B-0161-41E5-A0B0-FC991EC5ABDF}.Debug|x86.ActiveCfg = Debug|Any CPU
		{4925C51B-0161-41E5-A0B0-FC991EC5ABDF}.Debug|x86.Build.0 = Debug|Any CPU
		{4925C51B-0161-41E5-A0B0-FC991EC5ABDF}.Release|Any CPU.ActiveCfg = Release|Any CPU
		{4925C51B-0161-41E5-A0B0-FC991EC5ABDF}.Release|Any CPU.Build.0 = Release|Any CPU
		{4925C51B-0161-41E5-A0B0-FC991EC5ABDF}.Release|ARM.ActiveCfg = Release|Any CPU
		{4925C51B-0161-41E5-A0B0-FC991EC5ABDF}.Release|ARM.Build.0 = Release|Any CPU
		{4925C51B-0161-41E5-A0B0-FC991EC5ABDF}.Release|iPhone.ActiveCfg = Release|Any CPU
		{4925C51B-0161-41E5-A0B0-FC991EC5ABDF}.Release|iPhone.Build.0 = Release|Any CPU
		{4925C51B-0161-41E5-A0B0-FC991EC5ABDF}.Release|iPhoneSimulator.ActiveCfg = Release|Any CPU
		{4925C51B-0161-41E5-A0B0-FC991EC5ABDF}.Release|iPhoneSimulator.Build.0 = Release|Any CPU
		{4925C51B-0161-41E5-A0B0-FC991EC5ABDF}.Release|x64.ActiveCfg = Release|Any CPU
		{4925C51B-0161-41E5-A0B0-FC991EC5ABDF}.Release|x64.Build.0 = Release|Any CPU
		{4925C51B-0161-41E5-A0B0-FC991EC5ABDF}.Release|x86.ActiveCfg = Release|Any CPU
		{4925C51B-0161-41E5-A0B0-FC991EC5ABDF}.Release|x86.Build.0 = Release|Any CPU
		{B3BFBCBA-D37C-4E0D-B90D-DDCE6B33DFDC}.Ad-Hoc|Any CPU.ActiveCfg = Ad-Hoc|iPhone
		{B3BFBCBA-D37C-4E0D-B90D-DDCE6B33DFDC}.Ad-Hoc|ARM.ActiveCfg = Ad-Hoc|iPhone
		{B3BFBCBA-D37C-4E0D-B90D-DDCE6B33DFDC}.Ad-Hoc|iPhone.ActiveCfg = Ad-Hoc|iPhone
		{B3BFBCBA-D37C-4E0D-B90D-DDCE6B33DFDC}.Ad-Hoc|iPhone.Build.0 = Ad-Hoc|iPhone
		{B3BFBCBA-D37C-4E0D-B90D-DDCE6B33DFDC}.Ad-Hoc|iPhoneSimulator.ActiveCfg = Ad-Hoc|iPhoneSimulator
		{B3BFBCBA-D37C-4E0D-B90D-DDCE6B33DFDC}.Ad-Hoc|iPhoneSimulator.Build.0 = Ad-Hoc|iPhoneSimulator
		{B3BFBCBA-D37C-4E0D-B90D-DDCE6B33DFDC}.Ad-Hoc|x64.ActiveCfg = Ad-Hoc|iPhone
		{B3BFBCBA-D37C-4E0D-B90D-DDCE6B33DFDC}.Ad-Hoc|x86.ActiveCfg = Ad-Hoc|iPhone
		{B3BFBCBA-D37C-4E0D-B90D-DDCE6B33DFDC}.AppStore|Any CPU.ActiveCfg = AppStore|iPhone
		{B3BFBCBA-D37C-4E0D-B90D-DDCE6B33DFDC}.AppStore|ARM.ActiveCfg = AppStore|iPhone
		{B3BFBCBA-D37C-4E0D-B90D-DDCE6B33DFDC}.AppStore|iPhone.ActiveCfg = AppStore|iPhone
		{B3BFBCBA-D37C-4E0D-B90D-DDCE6B33DFDC}.AppStore|iPhone.Build.0 = AppStore|iPhone
		{B3BFBCBA-D37C-4E0D-B90D-DDCE6B33DFDC}.AppStore|iPhoneSimulator.ActiveCfg = AppStore|iPhoneSimulator
		{B3BFBCBA-D37C-4E0D-B90D-DDCE6B33DFDC}.AppStore|iPhoneSimulator.Build.0 = AppStore|iPhoneSimulator
		{B3BFBCBA-D37C-4E0D-B90D-DDCE6B33DFDC}.AppStore|x64.ActiveCfg = AppStore|iPhone
		{B3BFBCBA-D37C-4E0D-B90D-DDCE6B33DFDC}.AppStore|x86.ActiveCfg = AppStore|iPhone
		{B3BFBCBA-D37C-4E0D-B90D-DDCE6B33DFDC}.Debug|Any CPU.ActiveCfg = Debug|iPhone
		{B3BFBCBA-D37C-4E0D-B90D-DDCE6B33DFDC}.Debug|ARM.ActiveCfg = Debug|iPhone
		{B3BFBCBA-D37C-4E0D-B90D-DDCE6B33DFDC}.Debug|iPhone.ActiveCfg = Debug|iPhone
		{B3BFBCBA-D37C-4E0D-B90D-DDCE6B33DFDC}.Debug|iPhone.Build.0 = Debug|iPhone
		{B3BFBCBA-D37C-4E0D-B90D-DDCE6B33DFDC}.Debug|iPhoneSimulator.ActiveCfg = Debug|iPhoneSimulator
		{B3BFBCBA-D37C-4E0D-B90D-DDCE6B33DFDC}.Debug|iPhoneSimulator.Build.0 = Debug|iPhoneSimulator
		{B3BFBCBA-D37C-4E0D-B90D-DDCE6B33DFDC}.Debug|x64.ActiveCfg = Debug|iPhone
		{B3BFBCBA-D37C-4E0D-B90D-DDCE6B33DFDC}.Debug|x86.ActiveCfg = Debug|iPhone
		{B3BFBCBA-D37C-4E0D-B90D-DDCE6B33DFDC}.Release|Any CPU.ActiveCfg = Release|iPhone
		{B3BFBCBA-D37C-4E0D-B90D-DDCE6B33DFDC}.Release|ARM.ActiveCfg = Release|iPhone
		{B3BFBCBA-D37C-4E0D-B90D-DDCE6B33DFDC}.Release|iPhone.ActiveCfg = Release|iPhone
		{B3BFBCBA-D37C-4E0D-B90D-DDCE6B33DFDC}.Release|iPhone.Build.0 = Release|iPhone
		{B3BFBCBA-D37C-4E0D-B90D-DDCE6B33DFDC}.Release|iPhoneSimulator.ActiveCfg = Release|iPhoneSimulator
		{B3BFBCBA-D37C-4E0D-B90D-DDCE6B33DFDC}.Release|iPhoneSimulator.Build.0 = Release|iPhoneSimulator
		{B3BFBCBA-D37C-4E0D-B90D-DDCE6B33DFDC}.Release|x64.ActiveCfg = Release|iPhone
		{B3BFBCBA-D37C-4E0D-B90D-DDCE6B33DFDC}.Release|x86.ActiveCfg = Release|iPhone
	EndGlobalSection
	GlobalSection(SolutionProperties) = preSolution
		HideSolutionNode = FALSE
	EndGlobalSection
EndGlobal
